
Microsoft Visual Studio Solution File, Format Version 12.00
# Visual Studio Version 17
VisualStudioVersion = 17.9.34902.65
MinimumVisualStudioVersion = 10.0.40219.1
Project("{8BC9CEB8-8B4A-11D0-8D11-00A0C91BC942}") = "00001", "00001\00001.vcxproj", "{84CE7108-00F5-46A4-AE70-5287B2A958AF}"
EndProject
Project("{8BC9CEB8-8B4A-11D0-8D11-00A0C91BC942}") = "00005", "00005\00005.vcxproj", "{6B58F1DF-5208-4F3F-8F23-993E70820168}"
EndProject
Project("{8BC9CEB8-8B4A-11D0-8D11-00A0C91BC942}") = "00006", "00006\00006.vcxproj", "{1407316F-72C8-40CB-948B-2DAB1A3CAAE3}"
EndProject
Project("{8BC9CEB8-8B4A-11D0-8D11-00A0C91BC942}") = "00007", "00007\00007.vcxproj", "{7C6F20C5-043C-4B17-92D0-73BA6D6305C8}"
EndProject
Project("{8BC9CEB8-8B4A-11D0-8D11-00A0C91BC942}") = "00008", "00008\00008.vcxproj", "{E5F17EE9-76C4-49F8-A023-D2639AF9B163}"
EndProject
Project("{8BC9CEB8-8B4A-11D0-8D11-00A0C91BC942}") = "00009", "00009\00009.vcxproj", "{2A67A816-7870-4060-9E94-CC7FD38E9547}"
EndProject
Project("{8BC9CEB8-8B4A-11D0-8D11-00A0C91BC942}") = "00010", "00010\00010.vcxproj", "{D91F3C28-7F40-4576-9773-9634C661FD17}"
EndProject
Project("{8BC9CEB8-8B4A-11D0-8D11-00A0C91BC942}") = "00011", "00011\00011.vcxproj", "{6072E199-AC74-4532-A09E-3488C1A03F7F}"
EndProject
Project("{8BC9CEB8-8B4A-11D0-8D11-00A0C91BC942}") = "00012", "00012\00012.vcxproj", "{1F4F4853-3EA2-4C3A-91B1-002E8318250A}"
EndProject
Project("{8BC9CEB8-8B4A-11D0-8D11-00A0C91BC942}") = "00013", "00013\00013.vcxproj", "{7DEA72F5-CB2F-414B-996F-BD4F6C807E2A}"
EndProject
Project("{8BC9CEB8-8B4A-11D0-8D11-00A0C91BC942}") = "00014", "00014\00014.vcxproj", "{0CBE8E85-4C24-454F-8290-559E9B086829}"
EndProject
Project("{8BC9CEB8-8B4A-11D0-8D11-00A0C91BC942}") = "00015", "00015\00015.vcxproj", "{FFFB1ECD-08C1-454C-819B-469AD96E43EB}"
EndProject
Project("{8BC9CEB8-8B4A-11D0-8D11-00A0C91BC942}") = "00016", "00016\00016.vcxproj", "{B541D2B1-13A6-4A76-84EA-302718594D1B}"
EndProject
Project("{8BC9CEB8-8B4A-11D0-8D11-00A0C91BC942}") = "00017", "00017\00017.vcxproj", "{3FD121C7-45CE-42AC-B4C2-110F1894050B}"
EndProject
Project("{8BC9CEB8-8B4A-11D0-8D11-00A0C91BC942}") = "00018", "00018\00018.vcxproj", "{2B2CA277-5CDA-46E1-B3EF-95AA8AE92338}"
EndProject
Project("{8BC9CEB8-8B4A-11D0-8D11-00A0C91BC942}") = "00019", "00019\00019.vcxproj", "{EBEE5896-D909-43C1-B18F-17ED809A58ED}"
EndProject
Project("{8BC9CEB8-8B4A-11D0-8D11-00A0C91BC942}") = "00020", "00020\00020.vcxproj", "{E503DB00-D4DB-44D6-8E6E-5E1A3D6EDB4E}"
EndProject
Project("{8BC9CEB8-8B4A-11D0-8D11-00A0C91BC942}") = "00021", "00021\00021.vcxproj", "{9081F07B-94CE-466B-B13D-A6F0EAC51747}"
EndProject
Project("{8BC9CEB8-8B4A-11D0-8D11-00A0C91BC942}") = "00022", "00022\00022.vcxproj", "{4EEDEAC7-5613-4F29-B2A4-F8204F732541}"
EndProject
Project("{8BC9CEB8-8B4A-11D0-8D11-00A0C91BC942}") = "00023", "00023\00023.vcxproj", "{148CE02E-F11B-4DC0-9AD2-59DDA1FAFF12}"
EndProject
Project("{8BC9CEB8-8B4A-11D0-8D11-00A0C91BC942}") = "00024", "00024\00024.vcxproj", "{45D01F56-FC56-44C1-A350-3F14BC2EC14A}"
EndProject
Project("{8BC9CEB8-8B4A-11D0-8D11-00A0C91BC942}") = "00025", "00025\00025.vcxproj", "{7C2C8889-61C8-425F-99D0-733F22B98DE5}"
EndProject
Project("{8BC9CEB8-8B4A-11D0-8D11-00A0C91BC942}") = "00027", "00027\00027.vcxproj", "{ADCABD08-B9C0-405E-9B81-9873D4EBBAEF}"
EndProject
Project("{8BC9CEB8-8B4A-11D0-8D11-00A0C91BC942}") = "00026", "00026\00026.vcxproj", "{540632D1-4823-4A97-9B5D-711E0C7BD1B1}"
EndProject
Project("{8BC9CEB8-8B4A-11D0-8D11-00A0C91BC942}") = "00028", "00028\00028.vcxproj", "{00C36B43-7605-4DA8-9178-CCCC247D8FA5}"
EndProject
Project("{8BC9CEB8-8B4A-11D0-8D11-00A0C91BC942}") = "00029", "00029\00029.vcxproj", "{728E93A9-F1CB-4074-A23A-6047A6FDA3A3}"
EndProject
Project("{8BC9CEB8-8B4A-11D0-8D11-00A0C91BC942}") = "00030", "00030\00030.vcxproj", "{EF870EA6-D88C-44AA-9447-CF862E3407DC}"
EndProject
Project("{8BC9CEB8-8B4A-11D0-8D11-00A0C91BC942}") = "00031", "00031\00031.vcxproj", "{5C036180-5C7C-40BC-B549-C68118C528CE}"
EndProject
Project("{8BC9CEB8-8B4A-11D0-8D11-00A0C91BC942}") = "00032", "00032\00032.vcxproj", "{2E9F2B88-85D9-4E35-9A3E-1F9E24AC67BD}"
EndProject
Project("{8BC9CEB8-8B4A-11D0-8D11-00A0C91BC942}") = "00033", "00033\00033.vcxproj", "{70CF9710-51E6-497D-AF71-3443DA1208E0}"
EndProject
Project("{8BC9CEB8-8B4A-11D0-8D11-00A0C91BC942}") = "00034", "00034\00034.vcxproj", "{A513BB8D-EC4B-4B36-9AD2-67AEE4B6E2FE}"
EndProject
Global
	GlobalSection(SolutionConfigurationPlatforms) = preSolution
		Debug|x64 = Debug|x64
		Debug|x86 = Debug|x86
		Release|x64 = Release|x64
		Release|x86 = Release|x86
	EndGlobalSection
	GlobalSection(ProjectConfigurationPlatforms) = postSolution
		{84CE7108-00F5-46A4-AE70-5287B2A958AF}.Debug|x64.ActiveCfg = Debug|x64
		{84CE7108-00F5-46A4-AE70-5287B2A958AF}.Debug|x64.Build.0 = Debug|x64
		{84CE7108-00F5-46A4-AE70-5287B2A958AF}.Debug|x86.ActiveCfg = Debug|Win32
		{84CE7108-00F5-46A4-AE70-5287B2A958AF}.Debug|x86.Build.0 = Debug|Win32
		{84CE7108-00F5-46A4-AE70-5287B2A958AF}.Release|x64.ActiveCfg = Release|x64
		{84CE7108-00F5-46A4-AE70-5287B2A958AF}.Release|x64.Build.0 = Release|x64
		{84CE7108-00F5-46A4-AE70-5287B2A958AF}.Release|x86.ActiveCfg = Release|Win32
		{84CE7108-00F5-46A4-AE70-5287B2A958AF}.Release|x86.Build.0 = Release|Win32
		{6B58F1DF-5208-4F3F-8F23-993E70820168}.Debug|x64.ActiveCfg = Debug|x64
		{6B58F1DF-5208-4F3F-8F23-993E70820168}.Debug|x64.Build.0 = Debug|x64
		{6B58F1DF-5208-4F3F-8F23-993E70820168}.Debug|x86.ActiveCfg = Debug|Win32
		{6B58F1DF-5208-4F3F-8F23-993E70820168}.Debug|x86.Build.0 = Debug|Win32
		{6B58F1DF-5208-4F3F-8F23-993E70820168}.Release|x64.ActiveCfg = Release|x64
		{6B58F1DF-5208-4F3F-8F23-993E70820168}.Release|x64.Build.0 = Release|x64
		{6B58F1DF-5208-4F3F-8F23-993E70820168}.Release|x86.ActiveCfg = Release|Win32
		{6B58F1DF-5208-4F3F-8F23-993E70820168}.Release|x86.Build.0 = Release|Win32
		{1407316F-72C8-40CB-948B-2DAB1A3CAAE3}.Debug|x64.ActiveCfg = Debug|x64
		{1407316F-72C8-40CB-948B-2DAB1A3CAAE3}.Debug|x64.Build.0 = Debug|x64
		{1407316F-72C8-40CB-948B-2DAB1A3CAAE3}.Debug|x86.ActiveCfg = Debug|Win32
		{1407316F-72C8-40CB-948B-2DAB1A3CAAE3}.Debug|x86.Build.0 = Debug|Win32
		{1407316F-72C8-40CB-948B-2DAB1A3CAAE3}.Release|x64.ActiveCfg = Release|x64
		{1407316F-72C8-40CB-948B-2DAB1A3CAAE3}.Release|x64.Build.0 = Release|x64
		{1407316F-72C8-40CB-948B-2DAB1A3CAAE3}.Release|x86.ActiveCfg = Release|Win32
		{1407316F-72C8-40CB-948B-2DAB1A3CAAE3}.Release|x86.Build.0 = Release|Win32
		{7C6F20C5-043C-4B17-92D0-73BA6D6305C8}.Debug|x64.ActiveCfg = Debug|x64
		{7C6F20C5-043C-4B17-92D0-73BA6D6305C8}.Debug|x64.Build.0 = Debug|x64
		{7C6F20C5-043C-4B17-92D0-73BA6D6305C8}.Debug|x86.ActiveCfg = Debug|Win32
		{7C6F20C5-043C-4B17-92D0-73BA6D6305C8}.Debug|x86.Build.0 = Debug|Win32
		{7C6F20C5-043C-4B17-92D0-73BA6D6305C8}.Release|x64.ActiveCfg = Release|x64
		{7C6F20C5-043C-4B17-92D0-73BA6D6305C8}.Release|x64.Build.0 = Release|x64
		{7C6F20C5-043C-4B17-92D0-73BA6D6305C8}.Release|x86.ActiveCfg = Release|Win32
		{7C6F20C5-043C-4B17-92D0-73BA6D6305C8}.Release|x86.Build.0 = Release|Win32
		{E5F17EE9-76C4-49F8-A023-D2639AF9B163}.Debug|x64.ActiveCfg = Debug|x64
		{E5F17EE9-76C4-49F8-A023-D2639AF9B163}.Debug|x64.Build.0 = Debug|x64
		{E5F17EE9-76C4-49F8-A023-D2639AF9B163}.Debug|x86.ActiveCfg = Debug|Win32
		{E5F17EE9-76C4-49F8-A023-D2639AF9B163}.Debug|x86.Build.0 = Debug|Win32
		{E5F17EE9-76C4-49F8-A023-D2639AF9B163}.Release|x64.ActiveCfg = Release|x64
		{E5F17EE9-76C4-49F8-A023-D2639AF9B163}.Release|x64.Build.0 = Release|x64
		{E5F17EE9-76C4-49F8-A023-D2639AF9B163}.Release|x86.ActiveCfg = Release|Win32
		{E5F17EE9-76C4-49F8-A023-D2639AF9B163}.Release|x86.Build.0 = Release|Win32
		{2A67A816-7870-4060-9E94-CC7FD38E9547}.Debug|x64.ActiveCfg = Debug|x64
		{2A67A816-7870-4060-9E94-CC7FD38E9547}.Debug|x64.Build.0 = Debug|x64
		{2A67A816-7870-4060-9E94-CC7FD38E9547}.Debug|x86.ActiveCfg = Debug|Win32
		{2A67A816-7870-4060-9E94-CC7FD38E9547}.Debug|x86.Build.0 = Debug|Win32
		{2A67A816-7870-4060-9E94-CC7FD38E9547}.Release|x64.ActiveCfg = Release|x64
		{2A67A816-7870-4060-9E94-CC7FD38E9547}.Release|x64.Build.0 = Release|x64
		{2A67A816-7870-4060-9E94-CC7FD38E9547}.Release|x86.ActiveCfg = Release|Win32
		{2A67A816-7870-4060-9E94-CC7FD38E9547}.Release|x86.Build.0 = Release|Win32
		{D91F3C28-7F40-4576-9773-9634C661FD17}.Debug|x64.ActiveCfg = Debug|x64
		{D91F3C28-7F40-4576-9773-9634C661FD17}.Debug|x64.Build.0 = Debug|x64
		{D91F3C28-7F40-4576-9773-9634C661FD17}.Debug|x86.ActiveCfg = Debug|Win32
		{D91F3C28-7F40-4576-9773-9634C661FD17}.Debug|x86.Build.0 = Debug|Win32
		{D91F3C28-7F40-4576-9773-9634C661FD17}.Release|x64.ActiveCfg = Release|x64
		{D91F3C28-7F40-4576-9773-9634C661FD17}.Release|x64.Build.0 = Release|x64
		{D91F3C28-7F40-4576-9773-9634C661FD17}.Release|x86.ActiveCfg = Release|Win32
		{D91F3C28-7F40-4576-9773-9634C661FD17}.Release|x86.Build.0 = Release|Win32
		{6072E199-AC74-4532-A09E-3488C1A03F7F}.Debug|x64.ActiveCfg = Debug|x64
		{6072E199-AC74-4532-A09E-3488C1A03F7F}.Debug|x64.Build.0 = Debug|x64
		{6072E199-AC74-4532-A09E-3488C1A03F7F}.Debug|x86.ActiveCfg = Debug|Win32
		{6072E199-AC74-4532-A09E-3488C1A03F7F}.Debug|x86.Build.0 = Debug|Win32
		{6072E199-AC74-4532-A09E-3488C1A03F7F}.Release|x64.ActiveCfg = Release|x64
		{6072E199-AC74-4532-A09E-3488C1A03F7F}.Release|x64.Build.0 = Release|x64
		{6072E199-AC74-4532-A09E-3488C1A03F7F}.Release|x86.ActiveCfg = Release|Win32
		{6072E199-AC74-4532-A09E-3488C1A03F7F}.Release|x86.Build.0 = Release|Win32
		{1F4F4853-3EA2-4C3A-91B1-002E8318250A}.Debug|x64.ActiveCfg = Debug|x64
		{1F4F4853-3EA2-4C3A-91B1-002E8318250A}.Debug|x64.Build.0 = Debug|x64
		{1F4F4853-3EA2-4C3A-91B1-002E8318250A}.Debug|x86.ActiveCfg = Debug|Win32
		{1F4F4853-3EA2-4C3A-91B1-002E8318250A}.Debug|x86.Build.0 = Debug|Win32
		{1F4F4853-3EA2-4C3A-91B1-002E8318250A}.Release|x64.ActiveCfg = Release|x64
		{1F4F4853-3EA2-4C3A-91B1-002E8318250A}.Release|x64.Build.0 = Release|x64
		{1F4F4853-3EA2-4C3A-91B1-002E8318250A}.Release|x86.ActiveCfg = Release|Win32
		{1F4F4853-3EA2-4C3A-91B1-002E8318250A}.Release|x86.Build.0 = Release|Win32
		{7DEA72F5-CB2F-414B-996F-BD4F6C807E2A}.Debug|x64.ActiveCfg = Debug|x64
		{7DEA72F5-CB2F-414B-996F-BD4F6C807E2A}.Debug|x64.Build.0 = Debug|x64
		{7DEA72F5-CB2F-414B-996F-BD4F6C807E2A}.Debug|x86.ActiveCfg = Debug|Win32
		{7DEA72F5-CB2F-414B-996F-BD4F6C807E2A}.Debug|x86.Build.0 = Debug|Win32
		{7DEA72F5-CB2F-414B-996F-BD4F6C807E2A}.Release|x64.ActiveCfg = Release|x64
		{7DEA72F5-CB2F-414B-996F-BD4F6C807E2A}.Release|x64.Build.0 = Release|x64
		{7DEA72F5-CB2F-414B-996F-BD4F6C807E2A}.Release|x86.ActiveCfg = Release|Win32
		{7DEA72F5-CB2F-414B-996F-BD4F6C807E2A}.Release|x86.Build.0 = Release|Win32
		{0CBE8E85-4C24-454F-8290-559E9B086829}.Debug|x64.ActiveCfg = Debug|x64
		{0CBE8E85-4C24-454F-8290-559E9B086829}.Debug|x64.Build.0 = Debug|x64
		{0CBE8E85-4C24-454F-8290-559E9B086829}.Debug|x86.ActiveCfg = Debug|Win32
		{0CBE8E85-4C24-454F-8290-559E9B086829}.Debug|x86.Build.0 = Debug|Win32
		{0CBE8E85-4C24-454F-8290-559E9B086829}.Release|x64.ActiveCfg = Release|x64
		{0CBE8E85-4C24-454F-8290-559E9B086829}.Release|x64.Build.0 = Release|x64
		{0CBE8E85-4C24-454F-8290-559E9B086829}.Release|x86.ActiveCfg = Release|Win32
		{0CBE8E85-4C24-454F-8290-559E9B086829}.Release|x86.Build.0 = Release|Win32
		{FFFB1ECD-08C1-454C-819B-469AD96E43EB}.Debug|x64.ActiveCfg = Debug|x64
		{FFFB1ECD-08C1-454C-819B-469AD96E43EB}.Debug|x64.Build.0 = Debug|x64
		{FFFB1ECD-08C1-454C-819B-469AD96E43EB}.Debug|x86.ActiveCfg = Debug|Win32
		{FFFB1ECD-08C1-454C-819B-469AD96E43EB}.Debug|x86.Build.0 = Debug|Win32
		{FFFB1ECD-08C1-454C-819B-469AD96E43EB}.Release|x64.ActiveCfg = Release|x64
		{FFFB1ECD-08C1-454C-819B-469AD96E43EB}.Release|x64.Build.0 = Release|x64
		{FFFB1ECD-08C1-454C-819B-469AD96E43EB}.Release|x86.ActiveCfg = Release|Win32
		{FFFB1ECD-08C1-454C-819B-469AD96E43EB}.Release|x86.Build.0 = Release|Win32
		{B541D2B1-13A6-4A76-84EA-302718594D1B}.Debug|x64.ActiveCfg = Debug|x64
		{B541D2B1-13A6-4A76-84EA-302718594D1B}.Debug|x64.Build.0 = Debug|x64
		{B541D2B1-13A6-4A76-84EA-302718594D1B}.Debug|x86.ActiveCfg = Debug|Win32
		{B541D2B1-13A6-4A76-84EA-302718594D1B}.Debug|x86.Build.0 = Debug|Win32
		{B541D2B1-13A6-4A76-84EA-302718594D1B}.Release|x64.ActiveCfg = Release|x64
		{B541D2B1-13A6-4A76-84EA-302718594D1B}.Release|x64.Build.0 = Release|x64
		{B541D2B1-13A6-4A76-84EA-302718594D1B}.Release|x86.ActiveCfg = Release|Win32
		{B541D2B1-13A6-4A76-84EA-302718594D1B}.Release|x86.Build.0 = Release|Win32
		{3FD121C7-45CE-42AC-B4C2-110F1894050B}.Debug|x64.ActiveCfg = Debug|x64
		{3FD121C7-45CE-42AC-B4C2-110F1894050B}.Debug|x64.Build.0 = Debug|x64
		{3FD121C7-45CE-42AC-B4C2-110F1894050B}.Debug|x86.ActiveCfg = Debug|Win32
		{3FD121C7-45CE-42AC-B4C2-110F1894050B}.Debug|x86.Build.0 = Debug|Win32
		{3FD121C7-45CE-42AC-B4C2-110F1894050B}.Release|x64.ActiveCfg = Release|x64
		{3FD121C7-45CE-42AC-B4C2-110F1894050B}.Release|x64.Build.0 = Release|x64
		{3FD121C7-45CE-42AC-B4C2-110F1894050B}.Release|x86.ActiveCfg = Release|Win32
		{3FD121C7-45CE-42AC-B4C2-110F1894050B}.Release|x86.Build.0 = Release|Win32
		{2B2CA277-5CDA-46E1-B3EF-95AA8AE92338}.Debug|x64.ActiveCfg = Debug|x64
		{2B2CA277-5CDA-46E1-B3EF-95AA8AE92338}.Debug|x64.Build.0 = Debug|x64
		{2B2CA277-5CDA-46E1-B3EF-95AA8AE92338}.Debug|x86.ActiveCfg = Debug|Win32
		{2B2CA277-5CDA-46E1-B3EF-95AA8AE92338}.Debug|x86.Build.0 = Debug|Win32
		{2B2CA277-5CDA-46E1-B3EF-95AA8AE92338}.Release|x64.ActiveCfg = Release|x64
		{2B2CA277-5CDA-46E1-B3EF-95AA8AE92338}.Release|x64.Build.0 = Release|x64
		{2B2CA277-5CDA-46E1-B3EF-95AA8AE92338}.Release|x86.ActiveCfg = Release|Win32
		{2B2CA277-5CDA-46E1-B3EF-95AA8AE92338}.Release|x86.Build.0 = Release|Win32
		{EBEE5896-D909-43C1-B18F-17ED809A58ED}.Debug|x64.ActiveCfg = Debug|x64
		{EBEE5896-D909-43C1-B18F-17ED809A58ED}.Debug|x64.Build.0 = Debug|x64
		{EBEE5896-D909-43C1-B18F-17ED809A58ED}.Debug|x86.ActiveCfg = Debug|Win32
		{EBEE5896-D909-43C1-B18F-17ED809A58ED}.Debug|x86.Build.0 = Debug|Win32
		{EBEE5896-D909-43C1-B18F-17ED809A58ED}.Release|x64.ActiveCfg = Release|x64
		{EBEE5896-D909-43C1-B18F-17ED809A58ED}.Release|x64.Build.0 = Release|x64
		{EBEE5896-D909-43C1-B18F-17ED809A58ED}.Release|x86.ActiveCfg = Release|Win32
		{EBEE5896-D909-43C1-B18F-17ED809A58ED}.Release|x86.Build.0 = Release|Win32
		{E503DB00-D4DB-44D6-8E6E-5E1A3D6EDB4E}.Debug|x64.ActiveCfg = Debug|x64
		{E503DB00-D4DB-44D6-8E6E-5E1A3D6EDB4E}.Debug|x64.Build.0 = Debug|x64
		{E503DB00-D4DB-44D6-8E6E-5E1A3D6EDB4E}.Debug|x86.ActiveCfg = Debug|Win32
		{E503DB00-D4DB-44D6-8E6E-5E1A3D6EDB4E}.Debug|x86.Build.0 = Debug|Win32
		{E503DB00-D4DB-44D6-8E6E-5E1A3D6EDB4E}.Release|x64.ActiveCfg = Release|x64
		{E503DB00-D4DB-44D6-8E6E-5E1A3D6EDB4E}.Release|x64.Build.0 = Release|x64
		{E503DB00-D4DB-44D6-8E6E-5E1A3D6EDB4E}.Release|x86.ActiveCfg = Release|Win32
		{E503DB00-D4DB-44D6-8E6E-5E1A3D6EDB4E}.Release|x86.Build.0 = Release|Win32
		{9081F07B-94CE-466B-B13D-A6F0EAC51747}.Debug|x64.ActiveCfg = Debug|x64
		{9081F07B-94CE-466B-B13D-A6F0EAC51747}.Debug|x64.Build.0 = Debug|x64
		{9081F07B-94CE-466B-B13D-A6F0EAC51747}.Debug|x86.ActiveCfg = Debug|Win32
		{9081F07B-94CE-466B-B13D-A6F0EAC51747}.Debug|x86.Build.0 = Debug|Win32
		{9081F07B-94CE-466B-B13D-A6F0EAC51747}.Release|x64.ActiveCfg = Release|x64
		{9081F07B-94CE-466B-B13D-A6F0EAC51747}.Release|x64.Build.0 = Release|x64
		{9081F07B-94CE-466B-B13D-A6F0EAC51747}.Release|x86.ActiveCfg = Release|Win32
		{9081F07B-94CE-466B-B13D-A6F0EAC51747}.Release|x86.Build.0 = Release|Win32
		{4EEDEAC7-5613-4F29-B2A4-F8204F732541}.Debug|x64.ActiveCfg = Debug|x64
		{4EEDEAC7-5613-4F29-B2A4-F8204F732541}.Debug|x64.Build.0 = Debug|x64
		{4EEDEAC7-5613-4F29-B2A4-F8204F732541}.Debug|x86.ActiveCfg = Debug|Win32
		{4EEDEAC7-5613-4F29-B2A4-F8204F732541}.Debug|x86.Build.0 = Debug|Win32
		{4EEDEAC7-5613-4F29-B2A4-F8204F732541}.Release|x64.ActiveCfg = Release|x64
		{4EEDEAC7-5613-4F29-B2A4-F8204F732541}.Release|x64.Build.0 = Release|x64
		{4EEDEAC7-5613-4F29-B2A4-F8204F732541}.Release|x86.ActiveCfg = Release|Win32
		{4EEDEAC7-5613-4F29-B2A4-F8204F732541}.Release|x86.Build.0 = Release|Win32
		{148CE02E-F11B-4DC0-9AD2-59DDA1FAFF12}.Debug|x64.ActiveCfg = Debug|x64
		{148CE02E-F11B-4DC0-9AD2-59DDA1FAFF12}.Debug|x64.Build.0 = Debug|x64
		{148CE02E-F11B-4DC0-9AD2-59DDA1FAFF12}.Debug|x86.ActiveCfg = Debug|Win32
		{148CE02E-F11B-4DC0-9AD2-59DDA1FAFF12}.Debug|x86.Build.0 = Debug|Win32
		{148CE02E-F11B-4DC0-9AD2-59DDA1FAFF12}.Release|x64.ActiveCfg = Release|x64
		{148CE02E-F11B-4DC0-9AD2-59DDA1FAFF12}.Release|x64.Build.0 = Release|x64
		{148CE02E-F11B-4DC0-9AD2-59DDA1FAFF12}.Release|x86.ActiveCfg = Release|Win32
		{148CE02E-F11B-4DC0-9AD2-59DDA1FAFF12}.Release|x86.Build.0 = Release|Win32
		{45D01F56-FC56-44C1-A350-3F14BC2EC14A}.Debug|x64.ActiveCfg = Debug|x64
		{45D01F56-FC56-44C1-A350-3F14BC2EC14A}.Debug|x64.Build.0 = Debug|x64
		{45D01F56-FC56-44C1-A350-3F14BC2EC14A}.Debug|x86.ActiveCfg = Debug|Win32
		{45D01F56-FC56-44C1-A350-3F14BC2EC14A}.Debug|x86.Build.0 = Debug|Win32
		{45D01F56-FC56-44C1-A350-3F14BC2EC14A}.Release|x64.ActiveCfg = Release|x64
		{45D01F56-FC56-44C1-A350-3F14BC2EC14A}.Release|x64.Build.0 = Release|x64
		{45D01F56-FC56-44C1-A350-3F14BC2EC14A}.Release|x86.ActiveCfg = Release|Win32
		{45D01F56-FC56-44C1-A350-3F14BC2EC14A}.Release|x86.Build.0 = Release|Win32
		{7C2C8889-61C8-425F-99D0-733F22B98DE5}.Debug|x64.ActiveCfg = Debug|x64
		{7C2C8889-61C8-425F-99D0-733F22B98DE5}.Debug|x64.Build.0 = Debug|x64
		{7C2C8889-61C8-425F-99D0-733F22B98DE5}.Debug|x86.ActiveCfg = Debug|Win32
		{7C2C8889-61C8-425F-99D0-733F22B98DE5}.Debug|x86.Build.0 = Debug|Win32
		{7C2C8889-61C8-425F-99D0-733F22B98DE5}.Release|x64.ActiveCfg = Release|x64
		{7C2C8889-61C8-425F-99D0-733F22B98DE5}.Release|x64.Build.0 = Release|x64
		{7C2C8889-61C8-425F-99D0-733F22B98DE5}.Release|x86.ActiveCfg = Release|Win32
		{7C2C8889-61C8-425F-99D0-733F22B98DE5}.Release|x86.Build.0 = Release|Win32
		{ADCABD08-B9C0-405E-9B81-9873D4EBBAEF}.Debug|x64.ActiveCfg = Debug|x64
		{ADCABD08-B9C0-405E-9B81-9873D4EBBAEF}.Debug|x64.Build.0 = Debug|x64
		{ADCABD08-B9C0-405E-9B81-9873D4EBBAEF}.Debug|x86.ActiveCfg = Debug|Win32
		{ADCABD08-B9C0-405E-9B81-9873D4EBBAEF}.Debug|x86.Build.0 = Debug|Win32
		{ADCABD08-B9C0-405E-9B81-9873D4EBBAEF}.Release|x64.ActiveCfg = Release|x64
		{ADCABD08-B9C0-405E-9B81-9873D4EBBAEF}.Release|x64.Build.0 = Release|x64
		{ADCABD08-B9C0-405E-9B81-9873D4EBBAEF}.Release|x86.ActiveCfg = Release|Win32
		{ADCABD08-B9C0-405E-9B81-9873D4EBBAEF}.Release|x86.Build.0 = Release|Win32
		{540632D1-4823-4A97-9B5D-711E0C7BD1B1}.Debug|x64.ActiveCfg = Debug|x64
		{540632D1-4823-4A97-9B5D-711E0C7BD1B1}.Debug|x64.Build.0 = Debug|x64
		{540632D1-4823-4A97-9B5D-711E0C7BD1B1}.Debug|x86.ActiveCfg = Debug|Win32
		{540632D1-4823-4A97-9B5D-711E0C7BD1B1}.Debug|x86.Build.0 = Debug|Win32
		{540632D1-4823-4A97-9B5D-711E0C7BD1B1}.Release|x64.ActiveCfg = Release|x64
		{540632D1-4823-4A97-9B5D-711E0C7BD1B1}.Release|x64.Build.0 = Release|x64
		{540632D1-4823-4A97-9B5D-711E0C7BD1B1}.Release|x86.ActiveCfg = Release|Win32
		{540632D1-4823-4A97-9B5D-711E0C7BD1B1}.Release|x86.Build.0 = Release|Win32
		{00C36B43-7605-4DA8-9178-CCCC247D8FA5}.Debug|x64.ActiveCfg = Debug|x64
		{00C36B43-7605-4DA8-9178-CCCC247D8FA5}.Debug|x64.Build.0 = Debug|x64
		{00C36B43-7605-4DA8-9178-CCCC247D8FA5}.Debug|x86.ActiveCfg = Debug|Win32
		{00C36B43-7605-4DA8-9178-CCCC247D8FA5}.Debug|x86.Build.0 = Debug|Win32
		{00C36B43-7605-4DA8-9178-CCCC247D8FA5}.Release|x64.ActiveCfg = Release|x64
		{00C36B43-7605-4DA8-9178-CCCC247D8FA5}.Release|x64.Build.0 = Release|x64
		{00C36B43-7605-4DA8-9178-CCCC247D8FA5}.Release|x86.ActiveCfg = Release|Win32
		{00C36B43-7605-4DA8-9178-CCCC247D8FA5}.Release|x86.Build.0 = Release|Win32
		{728E93A9-F1CB-4074-A23A-6047A6FDA3A3}.Debug|x64.ActiveCfg = Debug|x64
		{728E93A9-F1CB-4074-A23A-6047A6FDA3A3}.Debug|x64.Build.0 = Debug|x64
		{728E93A9-F1CB-4074-A23A-6047A6FDA3A3}.Debug|x86.ActiveCfg = Debug|Win32
		{728E93A9-F1CB-4074-A23A-6047A6FDA3A3}.Debug|x86.Build.0 = Debug|Win32
		{728E93A9-F1CB-4074-A23A-6047A6FDA3A3}.Release|x64.ActiveCfg = Release|x64
		{728E93A9-F1CB-4074-A23A-6047A6FDA3A3}.Release|x64.Build.0 = Release|x64
		{728E93A9-F1CB-4074-A23A-6047A6FDA3A3}.Release|x86.ActiveCfg = Release|Win32
		{728E93A9-F1CB-4074-A23A-6047A6FDA3A3}.Release|x86.Build.0 = Release|Win32
		{EF870EA6-D88C-44AA-9447-CF862E3407DC}.Debug|x64.ActiveCfg = Debug|x64
		{EF870EA6-D88C-44AA-9447-CF862E3407DC}.Debug|x64.Build.0 = Debug|x64
		{EF870EA6-D88C-44AA-9447-CF862E3407DC}.Debug|x86.ActiveCfg = Debug|Win32
		{EF870EA6-D88C-44AA-9447-CF862E3407DC}.Debug|x86.Build.0 = Debug|Win32
		{EF870EA6-D88C-44AA-9447-CF862E3407DC}.Release|x64.ActiveCfg = Release|x64
		{EF870EA6-D88C-44AA-9447-CF862E3407DC}.Release|x64.Build.0 = Release|x64
		{EF870EA6-D88C-44AA-9447-CF862E3407DC}.Release|x86.ActiveCfg = Release|Win32
		{EF870EA6-D88C-44AA-9447-CF862E3407DC}.Release|x86.Build.0 = Release|Win32
		{5C036180-5C7C-40BC-B549-C68118C528CE}.Debug|x64.ActiveCfg = Debug|x64
		{5C036180-5C7C-40BC-B549-C68118C528CE}.Debug|x64.Build.0 = Debug|x64
		{5C036180-5C7C-40BC-B549-C68118C528CE}.Debug|x86.ActiveCfg = Debug|Win32
		{5C036180-5C7C-40BC-B549-C68118C528CE}.Debug|x86.Build.0 = Debug|Win32
		{5C036180-5C7C-40BC-B549-C68118C528CE}.Release|x64.ActiveCfg = Release|x64
		{5C036180-5C7C-40BC-B549-C68118C528CE}.Release|x64.Build.0 = Release|x64
		{5C036180-5C7C-40BC-B549-C68118C528CE}.Release|x86.ActiveCfg = Release|Win32
		{5C036180-5C7C-40BC-B549-C68118C528CE}.Release|x86.Build.0 = Release|Win32
		{2E9F2B88-85D9-4E35-9A3E-1F9E24AC67BD}.Debug|x64.ActiveCfg = Debug|x64
		{2E9F2B88-85D9-4E35-9A3E-1F9E24AC67BD}.Debug|x64.Build.0 = Debug|x64
		{2E9F2B88-85D9-4E35-9A3E-1F9E24AC67BD}.Debug|x86.ActiveCfg = Debug|Win32
		{2E9F2B88-85D9-4E35-9A3E-1F9E24AC67BD}.Debug|x86.Build.0 = Debug|Win32
		{2E9F2B88-85D9-4E35-9A3E-1F9E24AC67BD}.Release|x64.ActiveCfg = Release|x64
		{2E9F2B88-85D9-4E35-9A3E-1F9E24AC67BD}.Release|x64.Build.0 = Release|x64
		{2E9F2B88-85D9-4E35-9A3E-1F9E24AC67BD}.Release|x86.ActiveCfg = Release|Win32
		{2E9F2B88-85D9-4E35-9A3E-1F9E24AC67BD}.Release|x86.Build.0 = Release|Win32
		{70CF9710-51E6-497D-AF71-3443DA1208E0}.Debug|x64.ActiveCfg = Debug|x64
		{70CF9710-51E6-497D-AF71-3443DA1208E0}.Debug|x64.Build.0 = Debug|x64
		{70CF9710-51E6-497D-AF71-3443DA1208E0}.Debug|x86.ActiveCfg = Debug|Win32
		{70CF9710-51E6-497D-AF71-3443DA1208E0}.Debug|x86.Build.0 = Debug|Win32
		{70CF9710-51E6-497D-AF71-3443DA1208E0}.Release|x64.ActiveCfg = Release|x64
		{70CF9710-51E6-497D-AF71-3443DA1208E0}.Release|x64.Build.0 = Release|x64
		{70CF9710-51E6-497D-AF71-3443DA1208E0}.Release|x86.ActiveCfg = Release|Win32
		{70CF9710-51E6-497D-AF71-3443DA1208E0}.Release|x86.Build.0 = Release|Win32
		{A513BB8D-EC4B-4B36-9AD2-67AEE4B6E2FE}.Debug|x64.ActiveCfg = Debug|x64
		{A513BB8D-EC4B-4B36-9AD2-67AEE4B6E2FE}.Debug|x64.Build.0 = Debug|x64
		{A513BB8D-EC4B-4B36-9AD2-67AEE4B6E2FE}.Debug|x86.ActiveCfg = Debug|Win32
		{A513BB8D-EC4B-4B36-9AD2-67AEE4B6E2FE}.Debug|x86.Build.0 = Debug|Win32
		{A513BB8D-EC4B-4B36-9AD2-67AEE4B6E2FE}.Release|x64.ActiveCfg = Release|x64
		{A513BB8D-EC4B-4B36-9AD2-67AEE4B6E2FE}.Release|x64.Build.0 = Release|x64
		{A513BB8D-EC4B-4B36-9AD2-67AEE4B6E2FE}.Release|x86.ActiveCfg = Release|Win32
		{A513BB8D-EC4B-4B36-9AD2-67AEE4B6E2FE}.Release|x86.Build.0 = Release|Win32
	EndGlobalSection
	GlobalSection(SolutionProperties) = preSolution
		HideSolutionNode = FALSE
	EndGlobalSection
	GlobalSection(ExtensibilityGlobals) = postSolution
		SolutionGuid = {8DC0BE76-AA62-490C-8114-BBDFBDC134AF}
	EndGlobalSection
EndGlobal
