
Microsoft Visual Studio Solution File, Format Version 12.00
# Visual Studio Version 17
VisualStudioVersion = 17.9.34902.65
MinimumVisualStudioVersion = 10.0.40219.1
Project("{888888A0-9F3D-457C-B088-3A5042F75D52}") = "001", "001\001.pyproj", "{D0A2E06F-7558-4DB2-9177-4760E94E4060}"
EndProject
Project("{888888A0-9F3D-457C-B088-3A5042F75D52}") = "027", "027\027.pyproj", "{8EC48952-8D45-4F0B-9266-1C3B473E0D38}"
EndProject
Project("{888888A0-9F3D-457C-B088-3A5042F75D52}") = "140", "140\140.pyproj", "{52378AFA-287D-441A-8F78-5E32A7407D97}"
EndProject
Project("{888888A0-9F3D-457C-B088-3A5042F75D52}") = "002", "002\002.pyproj", "{F07DDE99-B8AA-435F-BB05-5408A8F2F92E}"
EndProject
Project("{888888A0-9F3D-457C-B088-3A5042F75D52}") = "003", "003\003.pyproj", "{FBAC8571-AFC8-4A72-A42F-FDF1799BDFE1}"
EndProject
Project("{888888A0-9F3D-457C-B088-3A5042F75D52}") = "004", "004\004.pyproj", "{39FEE5E5-F9B9-41C9-9354-B0776D56DDC8}"
EndProject
Project("{888888A0-9F3D-457C-B088-3A5042F75D52}") = "005", "005\005.pyproj", "{2EB58E7C-F963-4681-A94E-FD8D22B1ED2C}"
EndProject
Project("{888888A0-9F3D-457C-B088-3A5042F75D52}") = "006", "006\006.pyproj", "{D3CAF717-DD9C-4211-A495-F3EDB6F4F9B4}"
EndProject
Project("{888888A0-9F3D-457C-B088-3A5042F75D52}") = "007", "007\007.pyproj", "{B6B4A0A2-EC8B-431F-86D6-8B728AA681F2}"
EndProject
Project("{888888A0-9F3D-457C-B088-3A5042F75D52}") = "008", "008\008.pyproj", "{1AE9DBC1-AF93-44F1-924C-2BE59B370558}"
EndProject
Project("{888888A0-9F3D-457C-B088-3A5042F75D52}") = "009", "009\009.pyproj", "{145E2DE3-4518-4D49-ABB6-A1CDA5C2D363}"
EndProject
Project("{888888A0-9F3D-457C-B088-3A5042F75D52}") = "010", "010\010.pyproj", "{C9137F49-5824-461F-8B64-F111520566AE}"
EndProject
Project("{888888A0-9F3D-457C-B088-3A5042F75D52}") = "011", "011\011.pyproj", "{AB34F458-229E-4EF5-BD98-562CE6E3F544}"
EndProject
Project("{888888A0-9F3D-457C-B088-3A5042F75D52}") = "012", "012\012.pyproj", "{7D42CE5E-7176-471C-9732-121B0ED023AE}"
EndProject
Project("{888888A0-9F3D-457C-B088-3A5042F75D52}") = "013", "013\013.pyproj", "{14003F43-66E4-405C-A594-E34EAD2942FC}"
EndProject
Project("{888888A0-9F3D-457C-B088-3A5042F75D52}") = "014", "014\014.pyproj", "{7246EE5D-2ED7-404B-973D-69F7B180C7E7}"
EndProject
Project("{888888A0-9F3D-457C-B088-3A5042F75D52}") = "015", "015\015.pyproj", "{0B618A23-3B64-466F-A3D8-8FE8398E836B}"
EndProject
Project("{888888A0-9F3D-457C-B088-3A5042F75D52}") = "016", "016\016.pyproj", "{974AF582-AF8B-4E4A-AD8F-9A3DACEC837B}"
EndProject
Project("{888888A0-9F3D-457C-B088-3A5042F75D52}") = "017", "017\017.pyproj", "{D125EE02-D955-4A13-A2DE-0B2935883C6B}"
EndProject
Project("{888888A0-9F3D-457C-B088-3A5042F75D52}") = "018", "018\018.pyproj", "{9218C10C-0A79-45DF-AF93-8196169F12B6}"
EndProject
Project("{888888A0-9F3D-457C-B088-3A5042F75D52}") = "019", "019\019.pyproj", "{B4978F1A-33DF-4067-BCD5-2153E21A3811}"
EndProject
Project("{888888A0-9F3D-457C-B088-3A5042F75D52}") = "020", "020\020.pyproj", "{AF58ACC1-AD5B-447D-B07F-B9F27DDA013A}"
EndProject
Project("{888888A0-9F3D-457C-B088-3A5042F75D52}") = "021", "021\021.pyproj", "{9599551E-77B4-4CEC-B226-4BCC8EE59FA5}"
EndProject
Project("{888888A0-9F3D-457C-B088-3A5042F75D52}") = "022", "022\022.pyproj", "{9CFBFEAE-90EC-47C8-A965-9490292CDC10}"
EndProject
Project("{888888A0-9F3D-457C-B088-3A5042F75D52}") = "023", "023\023.pyproj", "{6123A014-B56C-4EC7-8ADC-99C95909A1B6}"
EndProject
Project("{888888A0-9F3D-457C-B088-3A5042F75D52}") = "024", "024\024.pyproj", "{63A73BD7-FBBD-4D68-86AA-E7A8724F4B13}"
EndProject
Project("{888888A0-9F3D-457C-B088-3A5042F75D52}") = "025", "025\025.pyproj", "{C36E7225-14A2-43E0-8E94-3A145290B3F9}"
EndProject
Project("{888888A0-9F3D-457C-B088-3A5042F75D52}") = "026", "026\026.pyproj", "{B43357D1-D688-42D5-9234-0E622EEBEB1D}"
EndProject
Project("{888888A0-9F3D-457C-B088-3A5042F75D52}") = "028", "028\028.pyproj", "{BC5C76F7-FCB7-4C1C-9FDA-0FA19EAF8DCD}"
EndProject
Project("{888888A0-9F3D-457C-B088-3A5042F75D52}") = "029", "029\029.pyproj", "{BF8230BA-BED3-401A-8A8B-ED66D14B1D2C}"
EndProject
Project("{888888A0-9F3D-457C-B088-3A5042F75D52}") = "030", "030\030.pyproj", "{CACF0D0B-4914-4C1C-A0CF-A2EC1E4F93CF}"
EndProject
Project("{888888A0-9F3D-457C-B088-3A5042F75D52}") = "031", "031\031.pyproj", "{1D771A7D-DCCF-44F2-97CD-A59B8721E1E0}"
EndProject
Project("{888888A0-9F3D-457C-B088-3A5042F75D52}") = "032", "032\032.pyproj", "{EC13F723-1651-48C6-92D3-9C4CB16242EA}"
EndProject
Project("{888888A0-9F3D-457C-B088-3A5042F75D52}") = "033", "033\033.pyproj", "{21C55F71-1DC7-4801-BF92-EA9C893BD482}"
EndProject
Project("{888888A0-9F3D-457C-B088-3A5042F75D52}") = "034", "034\034.pyproj", "{001F94CE-E46C-4B61-AADC-653A23B6F26F}"
EndProject
Project("{888888A0-9F3D-457C-B088-3A5042F75D52}") = "035", "035\035.pyproj", "{8D72A9C1-D32B-4ACA-80A7-9F250E4B3D75}"
EndProject
Project("{888888A0-9F3D-457C-B088-3A5042F75D52}") = "036", "036\036.pyproj", "{6120BE4F-CC73-4F6B-B242-25911E8DA85A}"
EndProject
Project("{888888A0-9F3D-457C-B088-3A5042F75D52}") = "037", "037\037.pyproj", "{91FDF755-5071-4C12-A9C4-01A9760194E9}"
EndProject
Project("{888888A0-9F3D-457C-B088-3A5042F75D52}") = "038", "038\038.pyproj", "{FF67419D-61EF-404B-8BED-6319EA14EE46}"
EndProject
Project("{888888A0-9F3D-457C-B088-3A5042F75D52}") = "039", "039\039.pyproj", "{C1F8B59B-4894-48D6-849A-E234177A2B7A}"
EndProject
Project("{888888A0-9F3D-457C-B088-3A5042F75D52}") = "040", "040\040.pyproj", "{77C9E8F9-9E47-4506-8A3F-6CCDD7F045FE}"
EndProject
Project("{888888A0-9F3D-457C-B088-3A5042F75D52}") = "041", "041\041.pyproj", "{1B38D521-13D3-45B6-B237-672C04B2BB58}"
EndProject
Project("{888888A0-9F3D-457C-B088-3A5042F75D52}") = "042", "042\042.pyproj", "{271F7358-0842-4EE9-BB96-3996F7CBDBE0}"
EndProject
Project("{888888A0-9F3D-457C-B088-3A5042F75D52}") = "043", "043\043.pyproj", "{44A481DB-4423-412E-B2D8-15EC654F1997}"
EndProject
Project("{888888A0-9F3D-457C-B088-3A5042F75D52}") = "044", "044\044.pyproj", "{CB28559D-50EC-4B57-AA2D-9C5CB3F47145}"
EndProject
Project("{888888A0-9F3D-457C-B088-3A5042F75D52}") = "045", "045\045.pyproj", "{45747A7F-5B24-474D-9E0F-E3E6A509F484}"
EndProject
Project("{888888A0-9F3D-457C-B088-3A5042F75D52}") = "046", "046\046.pyproj", "{DF7993F1-36B3-45B7-A235-A0C43C2C3EF9}"
EndProject
Project("{888888A0-9F3D-457C-B088-3A5042F75D52}") = "047", "047\047.pyproj", "{6A56F392-B2CD-4025-9250-02FD44A98A49}"
EndProject
Project("{888888A0-9F3D-457C-B088-3A5042F75D52}") = "048", "048\048.pyproj", "{8215EEF1-61A1-4442-A7A3-7FD3EDAEF592}"
EndProject
Project("{888888A0-9F3D-457C-B088-3A5042F75D52}") = "049", "049\049.pyproj", "{380EAFCE-6EC7-4D83-9DEB-64FF05C578A3}"
EndProject
Project("{888888A0-9F3D-457C-B088-3A5042F75D52}") = "050", "050\050.pyproj", "{7053BE46-C063-4DC8-862A-44EBFA376324}"
EndProject
Project("{888888A0-9F3D-457C-B088-3A5042F75D52}") = "051", "051\051.pyproj", "{64676D63-3E91-4232-9A6F-1EAB0FE0587C}"
EndProject
Project("{888888A0-9F3D-457C-B088-3A5042F75D52}") = "052", "052\052.pyproj", "{C1B00E1A-FC4D-47AA-BA5D-236B6EE4A5D2}"
EndProject
Project("{888888A0-9F3D-457C-B088-3A5042F75D52}") = "053", "053\053.pyproj", "{623896FA-8979-4476-8867-B05F84453392}"
EndProject
Project("{888888A0-9F3D-457C-B088-3A5042F75D52}") = "054", "054\054.pyproj", "{B8180178-08E5-4A5D-BE4C-130FA47D46C2}"
EndProject
Project("{888888A0-9F3D-457C-B088-3A5042F75D52}") = "055", "055\055.pyproj", "{7A0559D8-B6EF-44DE-A1D0-D4B70B78AA33}"
EndProject
Project("{888888A0-9F3D-457C-B088-3A5042F75D52}") = "056", "056\056.pyproj", "{3A47B8D1-347B-408C-AE55-48BC1E71AAA3}"
EndProject
Project("{888888A0-9F3D-457C-B088-3A5042F75D52}") = "057", "057\057.pyproj", "{A90A7DD8-D65C-4A17-BC39-B689C6A4AEB3}"
EndProject
Project("{888888A0-9F3D-457C-B088-3A5042F75D52}") = "058", "058\058.pyproj", "{5EAA9F82-EC30-4E1A-B0E0-E616C6B59287}"
EndProject
Project("{888888A0-9F3D-457C-B088-3A5042F75D52}") = "059", "059\059.pyproj", "{70CA165F-CEB3-47CC-80A2-4BD83BDFA3A6}"
EndProject
Project("{888888A0-9F3D-457C-B088-3A5042F75D52}") = "060", "060\060.pyproj", "{5715976D-3FE0-4B2A-A2B3-4E71954AD2E1}"
EndProject
Project("{888888A0-9F3D-457C-B088-3A5042F75D52}") = "061", "061\061.pyproj", "{C83D29BB-0F88-4213-AE89-259B9FC343FE}"
EndProject
Project("{888888A0-9F3D-457C-B088-3A5042F75D52}") = "062", "062\062.pyproj", "{00CECF77-2298-4E80-8E1C-FD44944751FF}"
EndProject
Project("{888888A0-9F3D-457C-B088-3A5042F75D52}") = "063", "063\063.pyproj", "{0937E217-CF89-469B-AE30-952E4DF7AD54}"
EndProject
Project("{888888A0-9F3D-457C-B088-3A5042F75D52}") = "064", "064\064.pyproj", "{B86E2B6B-7CE2-4AD9-92CC-A010055884BE}"
EndProject
Project("{888888A0-9F3D-457C-B088-3A5042F75D52}") = "065", "065\065.pyproj", "{FDF05C5E-0813-45C4-AA74-C8200E09C571}"
EndProject
Project("{888888A0-9F3D-457C-B088-3A5042F75D52}") = "066", "066\066.pyproj", "{F7ADECCF-2C34-4033-A958-AB8B22D2D592}"
EndProject
Project("{888888A0-9F3D-457C-B088-3A5042F75D52}") = "067", "067\067.pyproj", "{19CADBF7-5515-4E0A-8083-59C44235D8DC}"
EndProject
Project("{888888A0-9F3D-457C-B088-3A5042F75D52}") = "068", "068\068.pyproj", "{7923648B-EE67-473E-BF1D-EDD0C5A4435F}"
EndProject
Project("{888888A0-9F3D-457C-B088-3A5042F75D52}") = "069", "069\069.pyproj", "{2E4BE83A-E0A0-4162-A4C6-DC80BD50A356}"
EndProject
Project("{888888A0-9F3D-457C-B088-3A5042F75D52}") = "070", "070\070.pyproj", "{0CAE6853-8D0C-4864-AA7B-689AD1848193}"
EndProject
Project("{888888A0-9F3D-457C-B088-3A5042F75D52}") = "071", "071\071.pyproj", "{F3261D27-C7B2-47C5-A3DE-D4830E01B430}"
EndProject
Project("{888888A0-9F3D-457C-B088-3A5042F75D52}") = "072", "072\072.pyproj", "{9D070A22-8311-4EA3-9992-68F01E26D282}"
EndProject
Project("{888888A0-9F3D-457C-B088-3A5042F75D52}") = "073", "073\073.pyproj", "{0D16E506-DC18-41E1-B498-D102D514E57B}"
EndProject
Project("{888888A0-9F3D-457C-B088-3A5042F75D52}") = "074", "074\074.pyproj", "{44255D71-2451-4460-9F50-2B9B2B3048A0}"
EndProject
Project("{888888A0-9F3D-457C-B088-3A5042F75D52}") = "075", "075\075.pyproj", "{FF87129F-0492-4345-BDCB-A80A659E988D}"
EndProject
Project("{888888A0-9F3D-457C-B088-3A5042F75D52}") = "076", "076\076.pyproj", "{07FE6E50-71E1-462C-99A6-A97564C86CC2}"
EndProject
Project("{888888A0-9F3D-457C-B088-3A5042F75D52}") = "077", "077\077.pyproj", "{6895E372-E668-4B07-BA90-CE504472222A}"
EndProject
Project("{888888A0-9F3D-457C-B088-3A5042F75D52}") = "078", "078\078.pyproj", "{46CDF95B-91E9-49C7-A0AA-4FE6EAA2A6FD}"
EndProject
Project("{888888A0-9F3D-457C-B088-3A5042F75D52}") = "079", "079\079.pyproj", "{CF2B75BB-888B-423D-8AF3-7BB21D7F2F33}"
EndProject
Project("{888888A0-9F3D-457C-B088-3A5042F75D52}") = "080", "080\080.pyproj", "{CD591CB0-1B71-42BF-8BC1-D348F94CC788}"
EndProject
Project("{888888A0-9F3D-457C-B088-3A5042F75D52}") = "081", "081\081.pyproj", "{33A98DD8-764D-4946-A542-7A86A51369BB}"
EndProject
Project("{888888A0-9F3D-457C-B088-3A5042F75D52}") = "082", "082\082.pyproj", "{5F72982F-B87E-427F-BB8C-9E6282C4CFFF}"
EndProject
Project("{888888A0-9F3D-457C-B088-3A5042F75D52}") = "083", "083\083.pyproj", "{4B06D203-77B2-4B74-8FF5-54C564691003}"
EndProject
Project("{888888A0-9F3D-457C-B088-3A5042F75D52}") = "084", "084\084.pyproj", "{E7B4683E-6A6A-4111-A87E-D8262A65C985}"
EndProject
Project("{888888A0-9F3D-457C-B088-3A5042F75D52}") = "085", "085\085.pyproj", "{8F3B0182-F75B-4CB7-9295-41690A0A6AF7}"
EndProject
Project("{888888A0-9F3D-457C-B088-3A5042F75D52}") = "086", "086\086.pyproj", "{0428E8F2-3E85-42B7-851A-E63A6768BC73}"
EndProject
Project("{888888A0-9F3D-457C-B088-3A5042F75D52}") = "087", "087\087.pyproj", "{9E6E671F-468A-4C8E-8A5B-53BBAFD07926}"
EndProject
Project("{888888A0-9F3D-457C-B088-3A5042F75D52}") = "088", "088\088.pyproj", "{A23D0AF5-9C8C-41A0-A23E-190E99A39EED}"
EndProject
Project("{888888A0-9F3D-457C-B088-3A5042F75D52}") = "089", "089\089.pyproj", "{AAED5195-CC56-462E-99ED-D5F28451FB6C}"
EndProject
Project("{888888A0-9F3D-457C-B088-3A5042F75D52}") = "090", "090\090.pyproj", "{4336B906-2829-4B35-ABB9-CB05C051B713}"
EndProject
Project("{888888A0-9F3D-457C-B088-3A5042F75D52}") = "091", "091\091.pyproj", "{F7116947-20D9-4DDF-962F-9E57D240E5D1}"
EndProject
Project("{888888A0-9F3D-457C-B088-3A5042F75D52}") = "092", "092\092.pyproj", "{30C22541-72C6-4CCA-B9D4-DC68E378C37B}"
EndProject
Project("{888888A0-9F3D-457C-B088-3A5042F75D52}") = "093", "093\093.pyproj", "{64201CD6-2FCA-47DC-B130-316AB742BEB9}"
EndProject
Project("{888888A0-9F3D-457C-B088-3A5042F75D52}") = "094", "094\094.pyproj", "{7163E6BD-15F7-4357-8FAA-13409E300347}"
EndProject
Project("{888888A0-9F3D-457C-B088-3A5042F75D52}") = "095", "095\095.pyproj", "{4BE2E737-9BBA-44A8-8203-9B228182C6B4}"
EndProject
Project("{888888A0-9F3D-457C-B088-3A5042F75D52}") = "096", "096\096.pyproj", "{9AA9AB7E-2F97-4751-8851-94ADB0CEA90A}"
EndProject
Project("{888888A0-9F3D-457C-B088-3A5042F75D52}") = "097", "097\097.pyproj", "{45985716-7D9F-421E-9D32-D131CC7A81F0}"
EndProject
Project("{888888A0-9F3D-457C-B088-3A5042F75D52}") = "098", "098\098.pyproj", "{44200F12-9C59-4F92-A2B9-B473B39CAD85}"
EndProject
Project("{888888A0-9F3D-457C-B088-3A5042F75D52}") = "099", "099\099.pyproj", "{0835BDCE-7ADA-428D-B3B0-439D5B58576D}"
EndProject
Project("{888888A0-9F3D-457C-B088-3A5042F75D52}") = "100", "100\100.pyproj", "{636B7C75-7569-46EF-82D3-8DC2562B8512}"
EndProject
Project("{888888A0-9F3D-457C-B088-3A5042F75D52}") = "101", "101\101.pyproj", "{2A91BA50-A625-4CDE-B905-3A875AD23B9C}"
EndProject
Project("{888888A0-9F3D-457C-B088-3A5042F75D52}") = "102", "102\102.pyproj", "{2A94187E-A6D8-49E5-AFCB-B05E2305FDA9}"
EndProject
Project("{888888A0-9F3D-457C-B088-3A5042F75D52}") = "103", "103\103.pyproj", "{6753B0A8-16B1-434F-A4BF-89D58BA03F33}"
EndProject
Project("{888888A0-9F3D-457C-B088-3A5042F75D52}") = "104", "104\104.pyproj", "{BF87FF5F-9FD4-4671-88E3-5A481A5CA6C2}"
EndProject
Project("{888888A0-9F3D-457C-B088-3A5042F75D52}") = "105", "105\105.pyproj", "{6A9F6D68-5A75-4F08-ABEA-42381ECC3BA0}"
EndProject
Project("{888888A0-9F3D-457C-B088-3A5042F75D52}") = "106", "106\106.pyproj", "{22F3BA1A-B2CC-438B-AE9D-E30549C8A866}"
EndProject
Project("{888888A0-9F3D-457C-B088-3A5042F75D52}") = "107", "107\107.pyproj", "{55EB942E-76E9-4B98-8089-4D823176D175}"
EndProject
Project("{888888A0-9F3D-457C-B088-3A5042F75D52}") = "108", "108\108.pyproj", "{E591519D-607F-462A-A714-48DEBC5407CA}"
EndProject
Project("{888888A0-9F3D-457C-B088-3A5042F75D52}") = "109", "109\109.pyproj", "{0F8BF3CD-D3BA-498A-B52E-6DFCEE387F30}"
EndProject
Project("{888888A0-9F3D-457C-B088-3A5042F75D52}") = "110", "110\110.pyproj", "{A2CDC9E0-4447-463E-8A7C-768455FE0CE0}"
EndProject
Project("{888888A0-9F3D-457C-B088-3A5042F75D52}") = "111", "111\111.pyproj", "{5AC02F98-6CEB-4CB0-85EB-FB099353898E}"
EndProject
Project("{888888A0-9F3D-457C-B088-3A5042F75D52}") = "112", "112\112.pyproj", "{E8FD247D-C371-4ACC-85D0-C152E8F5372B}"
EndProject
Project("{888888A0-9F3D-457C-B088-3A5042F75D52}") = "115", "115\115.pyproj", "{8E2202CD-39B4-4B86-AC65-5AFF3E38BECC}"
EndProject
Project("{888888A0-9F3D-457C-B088-3A5042F75D52}") = "113", "113\113.pyproj", "{76C7C07E-F466-473A-BA86-FF7C0093D34F}"
EndProject
Project("{888888A0-9F3D-457C-B088-3A5042F75D52}") = "114", "114\114.pyproj", "{0227CCA0-2B94-4534-AE32-8D3EBBA9CD9B}"
EndProject
Project("{888888A0-9F3D-457C-B088-3A5042F75D52}") = "116", "116\116.pyproj", "{AD29B4E3-2F5A-4994-AA6F-99B9E399E4A5}"
EndProject
Project("{888888A0-9F3D-457C-B088-3A5042F75D52}") = "117", "117\117.pyproj", "{DB09840A-2A73-4D0D-A47B-09EB8584CE6C}"
EndProject
Project("{888888A0-9F3D-457C-B088-3A5042F75D52}") = "118", "118\118.pyproj", "{B8EC7953-1CA1-4948-8D82-8E1719EE0A42}"
EndProject
Project("{888888A0-9F3D-457C-B088-3A5042F75D52}") = "119", "119\119.pyproj", "{3B0FAE1B-5911-4060-8F06-A11A063D251D}"
EndProject
Project("{888888A0-9F3D-457C-B088-3A5042F75D52}") = "120", "120\120.pyproj", "{6A99AD88-7BFF-4CCF-9A95-6CB96522CBE8}"
EndProject
Project("{888888A0-9F3D-457C-B088-3A5042F75D52}") = "121", "121\121.pyproj", "{1BA960D7-D7C7-47DB-87D2-01E01C56DC60}"
EndProject
Project("{888888A0-9F3D-457C-B088-3A5042F75D52}") = "123", "123\123.pyproj", "{120B3AA5-97EE-40D4-9F1B-7F448D7D9CBE}"
EndProject
Project("{888888A0-9F3D-457C-B088-3A5042F75D52}") = "122", "122\122.pyproj", "{1C4BDBEB-C002-4536-9711-F4199AA675DA}"
EndProject
Project("{888888A0-9F3D-457C-B088-3A5042F75D52}") = "124", "124\124.pyproj", "{B3AFE8C8-8A71-4419-883A-1933B1587229}"
EndProject
Project("{888888A0-9F3D-457C-B088-3A5042F75D52}") = "125", "125\125.pyproj", "{93F80C1B-105C-4931-B032-0247AE2B7A12}"
EndProject
Project("{888888A0-9F3D-457C-B088-3A5042F75D52}") = "126", "126\126.pyproj", "{3D73A6A2-BF29-4CD3-8070-9F776084BBC1}"
EndProject
Project("{888888A0-9F3D-457C-B088-3A5042F75D52}") = "127", "127\127.pyproj", "{F74D82AF-1C27-4156-9195-67F4CF69E2DE}"
EndProject
Project("{888888A0-9F3D-457C-B088-3A5042F75D52}") = "128", "128\128.pyproj", "{D2C5B07D-D6E8-4644-BB1F-436BD035230B}"
EndProject
Project("{888888A0-9F3D-457C-B088-3A5042F75D52}") = "129", "129\129.pyproj", "{7122C640-35DD-4F2F-A8DA-6B8690AE4295}"
EndProject
Project("{888888A0-9F3D-457C-B088-3A5042F75D52}") = "130", "130\130.pyproj", "{62E37D75-BDB7-4BD7-A469-20634F35DD7B}"
EndProject
Project("{888888A0-9F3D-457C-B088-3A5042F75D52}") = "131", "131\131.pyproj", "{258E15F0-AC7E-4AA0-BD00-B1EB16CE70E4}"
EndProject
Project("{888888A0-9F3D-457C-B088-3A5042F75D52}") = "132", "132\132.pyproj", "{C1D70422-F7FC-425B-B6FC-36796F8308D0}"
EndProject
Project("{888888A0-9F3D-457C-B088-3A5042F75D52}") = "133", "133\133.pyproj", "{E1ECFFCC-9BCF-45AD-B7FD-0D800B6AF2DB}"
EndProject
Project("{888888A0-9F3D-457C-B088-3A5042F75D52}") = "134", "134\134.pyproj", "{63518ED2-E071-4EE7-B4F2-2052F3403AA9}"
EndProject
Project("{888888A0-9F3D-457C-B088-3A5042F75D52}") = "135", "135\135.pyproj", "{1A8C226B-9B28-46DB-8162-27A326735F3E}"
EndProject
Project("{888888A0-9F3D-457C-B088-3A5042F75D52}") = "136", "136\136.pyproj", "{98D569C7-92BD-4F27-8436-6483599DCC01}"
EndProject
Project("{888888A0-9F3D-457C-B088-3A5042F75D52}") = "137", "137\137.pyproj", "{70039EA8-5E73-440F-8131-06EFFCF26B0D}"
EndProject
Project("{888888A0-9F3D-457C-B088-3A5042F75D52}") = "138", "138\138.pyproj", "{861F8D5C-752A-4086-8723-19E30B98B9E7}"
EndProject
Project("{888888A0-9F3D-457C-B088-3A5042F75D52}") = "139", "139\139.pyproj", "{BE02DE15-4752-4DC0-B655-C0B70A58A96B}"
EndProject
Project("{888888A0-9F3D-457C-B088-3A5042F75D52}") = "141", "141\141.pyproj", "{2EFE5E6A-83CC-46E5-B900-8BF320AD4C77}"
EndProject
Project("{888888A0-9F3D-457C-B088-3A5042F75D52}") = "142", "142\142.pyproj", "{3BF67693-3B17-4370-B6E2-640A21DF8A36}"
EndProject
Project("{888888A0-9F3D-457C-B088-3A5042F75D52}") = "143", "143\143.pyproj", "{09B77683-F3EE-4A8C-BBE8-B12BF1193F94}"
EndProject
Project("{888888A0-9F3D-457C-B088-3A5042F75D52}") = "144", "144\144.pyproj", "{18EA7C64-C2C8-458F-AEE5-9CC7388C5661}"
EndProject
Project("{888888A0-9F3D-457C-B088-3A5042F75D52}") = "145", "145\145.pyproj", "{0F3AE832-7ABB-4721-B6CF-B1F9FC888F2C}"
EndProject
Project("{888888A0-9F3D-457C-B088-3A5042F75D52}") = "146", "146\146.pyproj", "{6C84C681-7BB6-4353-BCA5-310B813DD57A}"
EndProject
Project("{888888A0-9F3D-457C-B088-3A5042F75D52}") = "147", "147\147.pyproj", "{312EF1B5-BF05-4150-87FF-9C8C142049AC}"
EndProject
Project("{888888A0-9F3D-457C-B088-3A5042F75D52}") = "148", "148\148.pyproj", "{C29A7E56-906B-4ECB-9351-6AE9CA9872AC}"
EndProject
Project("{888888A0-9F3D-457C-B088-3A5042F75D52}") = "149", "149\149.pyproj", "{C5395BB6-B146-4CCA-9DFE-35FFEDE8E1E4}"
EndProject
Project("{888888A0-9F3D-457C-B088-3A5042F75D52}") = "150", "150\150.pyproj", "{67014370-89A5-4A2F-A71A-2BEFF0FE9137}"
EndProject
Project("{888888A0-9F3D-457C-B088-3A5042F75D52}") = "151", "151\151.pyproj", "{48887B1E-AC70-4EFE-9921-C000C9885C42}"
EndProject
Project("{888888A0-9F3D-457C-B088-3A5042F75D52}") = "152", "152\152.pyproj", "{6782AD46-8EF1-4F78-B423-EACBB965B69A}"
EndProject
Project("{888888A0-9F3D-457C-B088-3A5042F75D52}") = "153", "153\153.pyproj", "{D0789329-F01B-4622-B2FA-8881D84546CF}"
EndProject
Project("{888888A0-9F3D-457C-B088-3A5042F75D52}") = "Test", "Test\Test.pyproj", "{D97662EA-6F06-459C-AB72-E9BE54CEF03E}"
EndProject
Global
	GlobalSection(SolutionConfigurationPlatforms) = preSolution
		Debug|Any CPU = Debug|Any CPU
		Release|Any CPU = Release|Any CPU
	EndGlobalSection
	GlobalSection(ProjectConfigurationPlatforms) = postSolution
		{D0A2E06F-7558-4DB2-9177-4760E94E4060}.Debug|Any CPU.ActiveCfg = Debug|Any CPU
		{D0A2E06F-7558-4DB2-9177-4760E94E4060}.Release|Any CPU.ActiveCfg = Release|Any CPU
		{8EC48952-8D45-4F0B-9266-1C3B473E0D38}.Debug|Any CPU.ActiveCfg = Debug|Any CPU
		{8EC48952-8D45-4F0B-9266-1C3B473E0D38}.Release|Any CPU.ActiveCfg = Release|Any CPU
		{52378AFA-287D-441A-8F78-5E32A7407D97}.Debug|Any CPU.ActiveCfg = Debug|Any CPU
		{52378AFA-287D-441A-8F78-5E32A7407D97}.Release|Any CPU.ActiveCfg = Release|Any CPU
		{F07DDE99-B8AA-435F-BB05-5408A8F2F92E}.Debug|Any CPU.ActiveCfg = Debug|Any CPU
		{F07DDE99-B8AA-435F-BB05-5408A8F2F92E}.Release|Any CPU.ActiveCfg = Release|Any CPU
		{FBAC8571-AFC8-4A72-A42F-FDF1799BDFE1}.Debug|Any CPU.ActiveCfg = Debug|Any CPU
		{FBAC8571-AFC8-4A72-A42F-FDF1799BDFE1}.Release|Any CPU.ActiveCfg = Release|Any CPU
		{39FEE5E5-F9B9-41C9-9354-B0776D56DDC8}.Debug|Any CPU.ActiveCfg = Debug|Any CPU
		{39FEE5E5-F9B9-41C9-9354-B0776D56DDC8}.Release|Any CPU.ActiveCfg = Release|Any CPU
		{2EB58E7C-F963-4681-A94E-FD8D22B1ED2C}.Debug|Any CPU.ActiveCfg = Debug|Any CPU
		{2EB58E7C-F963-4681-A94E-FD8D22B1ED2C}.Release|Any CPU.ActiveCfg = Release|Any CPU
		{D3CAF717-DD9C-4211-A495-F3EDB6F4F9B4}.Debug|Any CPU.ActiveCfg = Debug|Any CPU
		{D3CAF717-DD9C-4211-A495-F3EDB6F4F9B4}.Release|Any CPU.ActiveCfg = Release|Any CPU
		{B6B4A0A2-EC8B-431F-86D6-8B728AA681F2}.Debug|Any CPU.ActiveCfg = Debug|Any CPU
		{B6B4A0A2-EC8B-431F-86D6-8B728AA681F2}.Release|Any CPU.ActiveCfg = Release|Any CPU
		{1AE9DBC1-AF93-44F1-924C-2BE59B370558}.Debug|Any CPU.ActiveCfg = Debug|Any CPU
		{1AE9DBC1-AF93-44F1-924C-2BE59B370558}.Release|Any CPU.ActiveCfg = Release|Any CPU
		{145E2DE3-4518-4D49-ABB6-A1CDA5C2D363}.Debug|Any CPU.ActiveCfg = Debug|Any CPU
		{145E2DE3-4518-4D49-ABB6-A1CDA5C2D363}.Release|Any CPU.ActiveCfg = Release|Any CPU
		{C9137F49-5824-461F-8B64-F111520566AE}.Debug|Any CPU.ActiveCfg = Debug|Any CPU
		{C9137F49-5824-461F-8B64-F111520566AE}.Release|Any CPU.ActiveCfg = Release|Any CPU
		{AB34F458-229E-4EF5-BD98-562CE6E3F544}.Debug|Any CPU.ActiveCfg = Debug|Any CPU
		{AB34F458-229E-4EF5-BD98-562CE6E3F544}.Release|Any CPU.ActiveCfg = Release|Any CPU
		{7D42CE5E-7176-471C-9732-121B0ED023AE}.Debug|Any CPU.ActiveCfg = Debug|Any CPU
		{7D42CE5E-7176-471C-9732-121B0ED023AE}.Release|Any CPU.ActiveCfg = Release|Any CPU
		{14003F43-66E4-405C-A594-E34EAD2942FC}.Debug|Any CPU.ActiveCfg = Debug|Any CPU
		{14003F43-66E4-405C-A594-E34EAD2942FC}.Release|Any CPU.ActiveCfg = Release|Any CPU
		{7246EE5D-2ED7-404B-973D-69F7B180C7E7}.Debug|Any CPU.ActiveCfg = Debug|Any CPU
		{7246EE5D-2ED7-404B-973D-69F7B180C7E7}.Release|Any CPU.ActiveCfg = Release|Any CPU
		{0B618A23-3B64-466F-A3D8-8FE8398E836B}.Debug|Any CPU.ActiveCfg = Debug|Any CPU
		{0B618A23-3B64-466F-A3D8-8FE8398E836B}.Release|Any CPU.ActiveCfg = Release|Any CPU
		{974AF582-AF8B-4E4A-AD8F-9A3DACEC837B}.Debug|Any CPU.ActiveCfg = Debug|Any CPU
		{974AF582-AF8B-4E4A-AD8F-9A3DACEC837B}.Release|Any CPU.ActiveCfg = Release|Any CPU
		{D125EE02-D955-4A13-A2DE-0B2935883C6B}.Debug|Any CPU.ActiveCfg = Debug|Any CPU
		{D125EE02-D955-4A13-A2DE-0B2935883C6B}.Release|Any CPU.ActiveCfg = Release|Any CPU
		{9218C10C-0A79-45DF-AF93-8196169F12B6}.Debug|Any CPU.ActiveCfg = Debug|Any CPU
		{9218C10C-0A79-45DF-AF93-8196169F12B6}.Release|Any CPU.ActiveCfg = Release|Any CPU
		{B4978F1A-33DF-4067-BCD5-2153E21A3811}.Debug|Any CPU.ActiveCfg = Debug|Any CPU
		{B4978F1A-33DF-4067-BCD5-2153E21A3811}.Release|Any CPU.ActiveCfg = Release|Any CPU
		{AF58ACC1-AD5B-447D-B07F-B9F27DDA013A}.Debug|Any CPU.ActiveCfg = Debug|Any CPU
		{AF58ACC1-AD5B-447D-B07F-B9F27DDA013A}.Release|Any CPU.ActiveCfg = Release|Any CPU
		{9599551E-77B4-4CEC-B226-4BCC8EE59FA5}.Debug|Any CPU.ActiveCfg = Debug|Any CPU
		{9599551E-77B4-4CEC-B226-4BCC8EE59FA5}.Release|Any CPU.ActiveCfg = Release|Any CPU
		{9CFBFEAE-90EC-47C8-A965-9490292CDC10}.Debug|Any CPU.ActiveCfg = Debug|Any CPU
		{9CFBFEAE-90EC-47C8-A965-9490292CDC10}.Release|Any CPU.ActiveCfg = Release|Any CPU
		{6123A014-B56C-4EC7-8ADC-99C95909A1B6}.Debug|Any CPU.ActiveCfg = Debug|Any CPU
		{6123A014-B56C-4EC7-8ADC-99C95909A1B6}.Release|Any CPU.ActiveCfg = Release|Any CPU
		{63A73BD7-FBBD-4D68-86AA-E7A8724F4B13}.Debug|Any CPU.ActiveCfg = Debug|Any CPU
		{63A73BD7-FBBD-4D68-86AA-E7A8724F4B13}.Release|Any CPU.ActiveCfg = Release|Any CPU
		{C36E7225-14A2-43E0-8E94-3A145290B3F9}.Debug|Any CPU.ActiveCfg = Debug|Any CPU
		{C36E7225-14A2-43E0-8E94-3A145290B3F9}.Release|Any CPU.ActiveCfg = Release|Any CPU
		{B43357D1-D688-42D5-9234-0E622EEBEB1D}.Debug|Any CPU.ActiveCfg = Debug|Any CPU
		{B43357D1-D688-42D5-9234-0E622EEBEB1D}.Release|Any CPU.ActiveCfg = Release|Any CPU
		{BC5C76F7-FCB7-4C1C-9FDA-0FA19EAF8DCD}.Debug|Any CPU.ActiveCfg = Debug|Any CPU
		{BC5C76F7-FCB7-4C1C-9FDA-0FA19EAF8DCD}.Release|Any CPU.ActiveCfg = Release|Any CPU
		{BF8230BA-BED3-401A-8A8B-ED66D14B1D2C}.Debug|Any CPU.ActiveCfg = Debug|Any CPU
		{BF8230BA-BED3-401A-8A8B-ED66D14B1D2C}.Release|Any CPU.ActiveCfg = Release|Any CPU
		{CACF0D0B-4914-4C1C-A0CF-A2EC1E4F93CF}.Debug|Any CPU.ActiveCfg = Debug|Any CPU
		{CACF0D0B-4914-4C1C-A0CF-A2EC1E4F93CF}.Release|Any CPU.ActiveCfg = Release|Any CPU
		{1D771A7D-DCCF-44F2-97CD-A59B8721E1E0}.Debug|Any CPU.ActiveCfg = Debug|Any CPU
		{1D771A7D-DCCF-44F2-97CD-A59B8721E1E0}.Release|Any CPU.ActiveCfg = Release|Any CPU
		{EC13F723-1651-48C6-92D3-9C4CB16242EA}.Debug|Any CPU.ActiveCfg = Debug|Any CPU
		{EC13F723-1651-48C6-92D3-9C4CB16242EA}.Release|Any CPU.ActiveCfg = Release|Any CPU
		{21C55F71-1DC7-4801-BF92-EA9C893BD482}.Debug|Any CPU.ActiveCfg = Debug|Any CPU
		{21C55F71-1DC7-4801-BF92-EA9C893BD482}.Release|Any CPU.ActiveCfg = Release|Any CPU
		{001F94CE-E46C-4B61-AADC-653A23B6F26F}.Debug|Any CPU.ActiveCfg = Debug|Any CPU
		{001F94CE-E46C-4B61-AADC-653A23B6F26F}.Release|Any CPU.ActiveCfg = Release|Any CPU
		{8D72A9C1-D32B-4ACA-80A7-9F250E4B3D75}.Debug|Any CPU.ActiveCfg = Debug|Any CPU
		{8D72A9C1-D32B-4ACA-80A7-9F250E4B3D75}.Release|Any CPU.ActiveCfg = Release|Any CPU
		{6120BE4F-CC73-4F6B-B242-25911E8DA85A}.Debug|Any CPU.ActiveCfg = Debug|Any CPU
		{6120BE4F-CC73-4F6B-B242-25911E8DA85A}.Release|Any CPU.ActiveCfg = Release|Any CPU
		{91FDF755-5071-4C12-A9C4-01A9760194E9}.Debug|Any CPU.ActiveCfg = Debug|Any CPU
		{91FDF755-5071-4C12-A9C4-01A9760194E9}.Release|Any CPU.ActiveCfg = Release|Any CPU
		{FF67419D-61EF-404B-8BED-6319EA14EE46}.Debug|Any CPU.ActiveCfg = Debug|Any CPU
		{FF67419D-61EF-404B-8BED-6319EA14EE46}.Release|Any CPU.ActiveCfg = Release|Any CPU
		{C1F8B59B-4894-48D6-849A-E234177A2B7A}.Debug|Any CPU.ActiveCfg = Debug|Any CPU
		{C1F8B59B-4894-48D6-849A-E234177A2B7A}.Release|Any CPU.ActiveCfg = Release|Any CPU
		{77C9E8F9-9E47-4506-8A3F-6CCDD7F045FE}.Debug|Any CPU.ActiveCfg = Debug|Any CPU
		{77C9E8F9-9E47-4506-8A3F-6CCDD7F045FE}.Release|Any CPU.ActiveCfg = Release|Any CPU
		{1B38D521-13D3-45B6-B237-672C04B2BB58}.Debug|Any CPU.ActiveCfg = Debug|Any CPU
		{1B38D521-13D3-45B6-B237-672C04B2BB58}.Release|Any CPU.ActiveCfg = Release|Any CPU
		{271F7358-0842-4EE9-BB96-3996F7CBDBE0}.Debug|Any CPU.ActiveCfg = Debug|Any CPU
		{271F7358-0842-4EE9-BB96-3996F7CBDBE0}.Release|Any CPU.ActiveCfg = Release|Any CPU
		{44A481DB-4423-412E-B2D8-15EC654F1997}.Debug|Any CPU.ActiveCfg = Debug|Any CPU
		{44A481DB-4423-412E-B2D8-15EC654F1997}.Release|Any CPU.ActiveCfg = Release|Any CPU
		{CB28559D-50EC-4B57-AA2D-9C5CB3F47145}.Debug|Any CPU.ActiveCfg = Debug|Any CPU
		{CB28559D-50EC-4B57-AA2D-9C5CB3F47145}.Release|Any CPU.ActiveCfg = Release|Any CPU
		{45747A7F-5B24-474D-9E0F-E3E6A509F484}.Debug|Any CPU.ActiveCfg = Debug|Any CPU
		{45747A7F-5B24-474D-9E0F-E3E6A509F484}.Release|Any CPU.ActiveCfg = Release|Any CPU
		{DF7993F1-36B3-45B7-A235-A0C43C2C3EF9}.Debug|Any CPU.ActiveCfg = Debug|Any CPU
		{DF7993F1-36B3-45B7-A235-A0C43C2C3EF9}.Release|Any CPU.ActiveCfg = Release|Any CPU
		{6A56F392-B2CD-4025-9250-02FD44A98A49}.Debug|Any CPU.ActiveCfg = Debug|Any CPU
		{6A56F392-B2CD-4025-9250-02FD44A98A49}.Release|Any CPU.ActiveCfg = Release|Any CPU
		{8215EEF1-61A1-4442-A7A3-7FD3EDAEF592}.Debug|Any CPU.ActiveCfg = Debug|Any CPU
		{8215EEF1-61A1-4442-A7A3-7FD3EDAEF592}.Release|Any CPU.ActiveCfg = Release|Any CPU
		{380EAFCE-6EC7-4D83-9DEB-64FF05C578A3}.Debug|Any CPU.ActiveCfg = Debug|Any CPU
		{380EAFCE-6EC7-4D83-9DEB-64FF05C578A3}.Release|Any CPU.ActiveCfg = Release|Any CPU
		{7053BE46-C063-4DC8-862A-44EBFA376324}.Debug|Any CPU.ActiveCfg = Debug|Any CPU
		{7053BE46-C063-4DC8-862A-44EBFA376324}.Release|Any CPU.ActiveCfg = Release|Any CPU
		{64676D63-3E91-4232-9A6F-1EAB0FE0587C}.Debug|Any CPU.ActiveCfg = Debug|Any CPU
		{64676D63-3E91-4232-9A6F-1EAB0FE0587C}.Release|Any CPU.ActiveCfg = Release|Any CPU
		{C1B00E1A-FC4D-47AA-BA5D-236B6EE4A5D2}.Debug|Any CPU.ActiveCfg = Debug|Any CPU
		{C1B00E1A-FC4D-47AA-BA5D-236B6EE4A5D2}.Release|Any CPU.ActiveCfg = Release|Any CPU
		{623896FA-8979-4476-8867-B05F84453392}.Debug|Any CPU.ActiveCfg = Debug|Any CPU
		{623896FA-8979-4476-8867-B05F84453392}.Release|Any CPU.ActiveCfg = Release|Any CPU
		{B8180178-08E5-4A5D-BE4C-130FA47D46C2}.Debug|Any CPU.ActiveCfg = Debug|Any CPU
		{B8180178-08E5-4A5D-BE4C-130FA47D46C2}.Release|Any CPU.ActiveCfg = Release|Any CPU
		{7A0559D8-B6EF-44DE-A1D0-D4B70B78AA33}.Debug|Any CPU.ActiveCfg = Debug|Any CPU
		{7A0559D8-B6EF-44DE-A1D0-D4B70B78AA33}.Release|Any CPU.ActiveCfg = Release|Any CPU
		{3A47B8D1-347B-408C-AE55-48BC1E71AAA3}.Debug|Any CPU.ActiveCfg = Debug|Any CPU
		{3A47B8D1-347B-408C-AE55-48BC1E71AAA3}.Release|Any CPU.ActiveCfg = Release|Any CPU
		{A90A7DD8-D65C-4A17-BC39-B689C6A4AEB3}.Debug|Any CPU.ActiveCfg = Debug|Any CPU
		{A90A7DD8-D65C-4A17-BC39-B689C6A4AEB3}.Release|Any CPU.ActiveCfg = Release|Any CPU
		{5EAA9F82-EC30-4E1A-B0E0-E616C6B59287}.Debug|Any CPU.ActiveCfg = Debug|Any CPU
		{5EAA9F82-EC30-4E1A-B0E0-E616C6B59287}.Release|Any CPU.ActiveCfg = Release|Any CPU
		{70CA165F-CEB3-47CC-80A2-4BD83BDFA3A6}.Debug|Any CPU.ActiveCfg = Debug|Any CPU
		{70CA165F-CEB3-47CC-80A2-4BD83BDFA3A6}.Release|Any CPU.ActiveCfg = Release|Any CPU
		{5715976D-3FE0-4B2A-A2B3-4E71954AD2E1}.Debug|Any CPU.ActiveCfg = Debug|Any CPU
		{5715976D-3FE0-4B2A-A2B3-4E71954AD2E1}.Release|Any CPU.ActiveCfg = Release|Any CPU
		{C83D29BB-0F88-4213-AE89-259B9FC343FE}.Debug|Any CPU.ActiveCfg = Debug|Any CPU
		{C83D29BB-0F88-4213-AE89-259B9FC343FE}.Release|Any CPU.ActiveCfg = Release|Any CPU
		{00CECF77-2298-4E80-8E1C-FD44944751FF}.Debug|Any CPU.ActiveCfg = Debug|Any CPU
		{00CECF77-2298-4E80-8E1C-FD44944751FF}.Release|Any CPU.ActiveCfg = Release|Any CPU
		{0937E217-CF89-469B-AE30-952E4DF7AD54}.Debug|Any CPU.ActiveCfg = Debug|Any CPU
		{0937E217-CF89-469B-AE30-952E4DF7AD54}.Release|Any CPU.ActiveCfg = Release|Any CPU
		{B86E2B6B-7CE2-4AD9-92CC-A010055884BE}.Debug|Any CPU.ActiveCfg = Debug|Any CPU
		{B86E2B6B-7CE2-4AD9-92CC-A010055884BE}.Release|Any CPU.ActiveCfg = Release|Any CPU
		{FDF05C5E-0813-45C4-AA74-C8200E09C571}.Debug|Any CPU.ActiveCfg = Debug|Any CPU
		{FDF05C5E-0813-45C4-AA74-C8200E09C571}.Release|Any CPU.ActiveCfg = Release|Any CPU
		{F7ADECCF-2C34-4033-A958-AB8B22D2D592}.Debug|Any CPU.ActiveCfg = Debug|Any CPU
		{F7ADECCF-2C34-4033-A958-AB8B22D2D592}.Release|Any CPU.ActiveCfg = Release|Any CPU
		{19CADBF7-5515-4E0A-8083-59C44235D8DC}.Debug|Any CPU.ActiveCfg = Debug|Any CPU
		{19CADBF7-5515-4E0A-8083-59C44235D8DC}.Release|Any CPU.ActiveCfg = Release|Any CPU
		{7923648B-EE67-473E-BF1D-EDD0C5A4435F}.Debug|Any CPU.ActiveCfg = Debug|Any CPU
		{7923648B-EE67-473E-BF1D-EDD0C5A4435F}.Release|Any CPU.ActiveCfg = Release|Any CPU
		{2E4BE83A-E0A0-4162-A4C6-DC80BD50A356}.Debug|Any CPU.ActiveCfg = Debug|Any CPU
		{2E4BE83A-E0A0-4162-A4C6-DC80BD50A356}.Release|Any CPU.ActiveCfg = Release|Any CPU
		{0CAE6853-8D0C-4864-AA7B-689AD1848193}.Debug|Any CPU.ActiveCfg = Debug|Any CPU
		{0CAE6853-8D0C-4864-AA7B-689AD1848193}.Release|Any CPU.ActiveCfg = Release|Any CPU
		{F3261D27-C7B2-47C5-A3DE-D4830E01B430}.Debug|Any CPU.ActiveCfg = Debug|Any CPU
		{F3261D27-C7B2-47C5-A3DE-D4830E01B430}.Release|Any CPU.ActiveCfg = Release|Any CPU
		{9D070A22-8311-4EA3-9992-68F01E26D282}.Debug|Any CPU.ActiveCfg = Debug|Any CPU
		{9D070A22-8311-4EA3-9992-68F01E26D282}.Release|Any CPU.ActiveCfg = Release|Any CPU
		{0D16E506-DC18-41E1-B498-D102D514E57B}.Debug|Any CPU.ActiveCfg = Debug|Any CPU
		{0D16E506-DC18-41E1-B498-D102D514E57B}.Release|Any CPU.ActiveCfg = Release|Any CPU
		{44255D71-2451-4460-9F50-2B9B2B3048A0}.Debug|Any CPU.ActiveCfg = Debug|Any CPU
		{44255D71-2451-4460-9F50-2B9B2B3048A0}.Release|Any CPU.ActiveCfg = Release|Any CPU
		{FF87129F-0492-4345-BDCB-A80A659E988D}.Debug|Any CPU.ActiveCfg = Debug|Any CPU
		{FF87129F-0492-4345-BDCB-A80A659E988D}.Release|Any CPU.ActiveCfg = Release|Any CPU
		{07FE6E50-71E1-462C-99A6-A97564C86CC2}.Debug|Any CPU.ActiveCfg = Debug|Any CPU
		{07FE6E50-71E1-462C-99A6-A97564C86CC2}.Release|Any CPU.ActiveCfg = Release|Any CPU
		{6895E372-E668-4B07-BA90-CE504472222A}.Debug|Any CPU.ActiveCfg = Debug|Any CPU
		{6895E372-E668-4B07-BA90-CE504472222A}.Release|Any CPU.ActiveCfg = Release|Any CPU
		{46CDF95B-91E9-49C7-A0AA-4FE6EAA2A6FD}.Debug|Any CPU.ActiveCfg = Debug|Any CPU
		{46CDF95B-91E9-49C7-A0AA-4FE6EAA2A6FD}.Release|Any CPU.ActiveCfg = Release|Any CPU
		{CF2B75BB-888B-423D-8AF3-7BB21D7F2F33}.Debug|Any CPU.ActiveCfg = Debug|Any CPU
		{CF2B75BB-888B-423D-8AF3-7BB21D7F2F33}.Release|Any CPU.ActiveCfg = Release|Any CPU
		{CD591CB0-1B71-42BF-8BC1-D348F94CC788}.Debug|Any CPU.ActiveCfg = Debug|Any CPU
		{CD591CB0-1B71-42BF-8BC1-D348F94CC788}.Release|Any CPU.ActiveCfg = Release|Any CPU
		{33A98DD8-764D-4946-A542-7A86A51369BB}.Debug|Any CPU.ActiveCfg = Debug|Any CPU
		{33A98DD8-764D-4946-A542-7A86A51369BB}.Release|Any CPU.ActiveCfg = Release|Any CPU
		{5F72982F-B87E-427F-BB8C-9E6282C4CFFF}.Debug|Any CPU.ActiveCfg = Debug|Any CPU
		{5F72982F-B87E-427F-BB8C-9E6282C4CFFF}.Release|Any CPU.ActiveCfg = Release|Any CPU
		{4B06D203-77B2-4B74-8FF5-54C564691003}.Debug|Any CPU.ActiveCfg = Debug|Any CPU
		{4B06D203-77B2-4B74-8FF5-54C564691003}.Release|Any CPU.ActiveCfg = Release|Any CPU
		{E7B4683E-6A6A-4111-A87E-D8262A65C985}.Debug|Any CPU.ActiveCfg = Debug|Any CPU
		{E7B4683E-6A6A-4111-A87E-D8262A65C985}.Release|Any CPU.ActiveCfg = Release|Any CPU
		{8F3B0182-F75B-4CB7-9295-41690A0A6AF7}.Debug|Any CPU.ActiveCfg = Debug|Any CPU
		{8F3B0182-F75B-4CB7-9295-41690A0A6AF7}.Release|Any CPU.ActiveCfg = Release|Any CPU
		{0428E8F2-3E85-42B7-851A-E63A6768BC73}.Debug|Any CPU.ActiveCfg = Debug|Any CPU
		{0428E8F2-3E85-42B7-851A-E63A6768BC73}.Release|Any CPU.ActiveCfg = Release|Any CPU
		{9E6E671F-468A-4C8E-8A5B-53BBAFD07926}.Debug|Any CPU.ActiveCfg = Debug|Any CPU
		{9E6E671F-468A-4C8E-8A5B-53BBAFD07926}.Release|Any CPU.ActiveCfg = Release|Any CPU
		{A23D0AF5-9C8C-41A0-A23E-190E99A39EED}.Debug|Any CPU.ActiveCfg = Debug|Any CPU
		{A23D0AF5-9C8C-41A0-A23E-190E99A39EED}.Release|Any CPU.ActiveCfg = Release|Any CPU
		{AAED5195-CC56-462E-99ED-D5F28451FB6C}.Debug|Any CPU.ActiveCfg = Debug|Any CPU
		{AAED5195-CC56-462E-99ED-D5F28451FB6C}.Release|Any CPU.ActiveCfg = Release|Any CPU
		{4336B906-2829-4B35-ABB9-CB05C051B713}.Debug|Any CPU.ActiveCfg = Debug|Any CPU
		{4336B906-2829-4B35-ABB9-CB05C051B713}.Release|Any CPU.ActiveCfg = Release|Any CPU
		{F7116947-20D9-4DDF-962F-9E57D240E5D1}.Debug|Any CPU.ActiveCfg = Debug|Any CPU
		{F7116947-20D9-4DDF-962F-9E57D240E5D1}.Release|Any CPU.ActiveCfg = Release|Any CPU
		{30C22541-72C6-4CCA-B9D4-DC68E378C37B}.Debug|Any CPU.ActiveCfg = Debug|Any CPU
		{30C22541-72C6-4CCA-B9D4-DC68E378C37B}.Release|Any CPU.ActiveCfg = Release|Any CPU
		{64201CD6-2FCA-47DC-B130-316AB742BEB9}.Debug|Any CPU.ActiveCfg = Debug|Any CPU
		{64201CD6-2FCA-47DC-B130-316AB742BEB9}.Release|Any CPU.ActiveCfg = Release|Any CPU
		{7163E6BD-15F7-4357-8FAA-13409E300347}.Debug|Any CPU.ActiveCfg = Debug|Any CPU
		{7163E6BD-15F7-4357-8FAA-13409E300347}.Release|Any CPU.ActiveCfg = Release|Any CPU
		{4BE2E737-9BBA-44A8-8203-9B228182C6B4}.Debug|Any CPU.ActiveCfg = Debug|Any CPU
		{4BE2E737-9BBA-44A8-8203-9B228182C6B4}.Release|Any CPU.ActiveCfg = Release|Any CPU
		{9AA9AB7E-2F97-4751-8851-94ADB0CEA90A}.Debug|Any CPU.ActiveCfg = Debug|Any CPU
		{9AA9AB7E-2F97-4751-8851-94ADB0CEA90A}.Release|Any CPU.ActiveCfg = Release|Any CPU
		{45985716-7D9F-421E-9D32-D131CC7A81F0}.Debug|Any CPU.ActiveCfg = Debug|Any CPU
		{45985716-7D9F-421E-9D32-D131CC7A81F0}.Release|Any CPU.ActiveCfg = Release|Any CPU
		{44200F12-9C59-4F92-A2B9-B473B39CAD85}.Debug|Any CPU.ActiveCfg = Debug|Any CPU
		{44200F12-9C59-4F92-A2B9-B473B39CAD85}.Release|Any CPU.ActiveCfg = Release|Any CPU
		{0835BDCE-7ADA-428D-B3B0-439D5B58576D}.Debug|Any CPU.ActiveCfg = Debug|Any CPU
		{0835BDCE-7ADA-428D-B3B0-439D5B58576D}.Release|Any CPU.ActiveCfg = Release|Any CPU
		{636B7C75-7569-46EF-82D3-8DC2562B8512}.Debug|Any CPU.ActiveCfg = Debug|Any CPU
		{636B7C75-7569-46EF-82D3-8DC2562B8512}.Release|Any CPU.ActiveCfg = Release|Any CPU
		{2A91BA50-A625-4CDE-B905-3A875AD23B9C}.Debug|Any CPU.ActiveCfg = Debug|Any CPU
		{2A91BA50-A625-4CDE-B905-3A875AD23B9C}.Release|Any CPU.ActiveCfg = Release|Any CPU
		{2A94187E-A6D8-49E5-AFCB-B05E2305FDA9}.Debug|Any CPU.ActiveCfg = Debug|Any CPU
		{2A94187E-A6D8-49E5-AFCB-B05E2305FDA9}.Release|Any CPU.ActiveCfg = Release|Any CPU
		{6753B0A8-16B1-434F-A4BF-89D58BA03F33}.Debug|Any CPU.ActiveCfg = Debug|Any CPU
		{6753B0A8-16B1-434F-A4BF-89D58BA03F33}.Release|Any CPU.ActiveCfg = Release|Any CPU
		{BF87FF5F-9FD4-4671-88E3-5A481A5CA6C2}.Debug|Any CPU.ActiveCfg = Debug|Any CPU
		{BF87FF5F-9FD4-4671-88E3-5A481A5CA6C2}.Release|Any CPU.ActiveCfg = Release|Any CPU
		{6A9F6D68-5A75-4F08-ABEA-42381ECC3BA0}.Debug|Any CPU.ActiveCfg = Debug|Any CPU
		{6A9F6D68-5A75-4F08-ABEA-42381ECC3BA0}.Release|Any CPU.ActiveCfg = Release|Any CPU
		{22F3BA1A-B2CC-438B-AE9D-E30549C8A866}.Debug|Any CPU.ActiveCfg = Debug|Any CPU
		{22F3BA1A-B2CC-438B-AE9D-E30549C8A866}.Release|Any CPU.ActiveCfg = Release|Any CPU
		{55EB942E-76E9-4B98-8089-4D823176D175}.Debug|Any CPU.ActiveCfg = Debug|Any CPU
		{55EB942E-76E9-4B98-8089-4D823176D175}.Release|Any CPU.ActiveCfg = Release|Any CPU
		{E591519D-607F-462A-A714-48DEBC5407CA}.Debug|Any CPU.ActiveCfg = Debug|Any CPU
		{E591519D-607F-462A-A714-48DEBC5407CA}.Release|Any CPU.ActiveCfg = Release|Any CPU
		{0F8BF3CD-D3BA-498A-B52E-6DFCEE387F30}.Debug|Any CPU.ActiveCfg = Debug|Any CPU
		{0F8BF3CD-D3BA-498A-B52E-6DFCEE387F30}.Release|Any CPU.ActiveCfg = Release|Any CPU
		{A2CDC9E0-4447-463E-8A7C-768455FE0CE0}.Debug|Any CPU.ActiveCfg = Debug|Any CPU
		{A2CDC9E0-4447-463E-8A7C-768455FE0CE0}.Release|Any CPU.ActiveCfg = Release|Any CPU
		{5AC02F98-6CEB-4CB0-85EB-FB099353898E}.Debug|Any CPU.ActiveCfg = Debug|Any CPU
		{5AC02F98-6CEB-4CB0-85EB-FB099353898E}.Release|Any CPU.ActiveCfg = Release|Any CPU
		{E8FD247D-C371-4ACC-85D0-C152E8F5372B}.Debug|Any CPU.ActiveCfg = Debug|Any CPU
		{E8FD247D-C371-4ACC-85D0-C152E8F5372B}.Release|Any CPU.ActiveCfg = Release|Any CPU
		{8E2202CD-39B4-4B86-AC65-5AFF3E38BECC}.Debug|Any CPU.ActiveCfg = Debug|Any CPU
		{8E2202CD-39B4-4B86-AC65-5AFF3E38BECC}.Release|Any CPU.ActiveCfg = Release|Any CPU
		{76C7C07E-F466-473A-BA86-FF7C0093D34F}.Debug|Any CPU.ActiveCfg = Debug|Any CPU
		{76C7C07E-F466-473A-BA86-FF7C0093D34F}.Release|Any CPU.ActiveCfg = Release|Any CPU
		{0227CCA0-2B94-4534-AE32-8D3EBBA9CD9B}.Debug|Any CPU.ActiveCfg = Debug|Any CPU
		{0227CCA0-2B94-4534-AE32-8D3EBBA9CD9B}.Release|Any CPU.ActiveCfg = Release|Any CPU
		{AD29B4E3-2F5A-4994-AA6F-99B9E399E4A5}.Debug|Any CPU.ActiveCfg = Debug|Any CPU
		{AD29B4E3-2F5A-4994-AA6F-99B9E399E4A5}.Release|Any CPU.ActiveCfg = Release|Any CPU
		{DB09840A-2A73-4D0D-A47B-09EB8584CE6C}.Debug|Any CPU.ActiveCfg = Debug|Any CPU
		{DB09840A-2A73-4D0D-A47B-09EB8584CE6C}.Release|Any CPU.ActiveCfg = Release|Any CPU
		{B8EC7953-1CA1-4948-8D82-8E1719EE0A42}.Debug|Any CPU.ActiveCfg = Debug|Any CPU
		{B8EC7953-1CA1-4948-8D82-8E1719EE0A42}.Release|Any CPU.ActiveCfg = Release|Any CPU
		{3B0FAE1B-5911-4060-8F06-A11A063D251D}.Debug|Any CPU.ActiveCfg = Debug|Any CPU
		{3B0FAE1B-5911-4060-8F06-A11A063D251D}.Release|Any CPU.ActiveCfg = Release|Any CPU
		{6A99AD88-7BFF-4CCF-9A95-6CB96522CBE8}.Debug|Any CPU.ActiveCfg = Debug|Any CPU
		{6A99AD88-7BFF-4CCF-9A95-6CB96522CBE8}.Release|Any CPU.ActiveCfg = Release|Any CPU
		{1BA960D7-D7C7-47DB-87D2-01E01C56DC60}.Debug|Any CPU.ActiveCfg = Debug|Any CPU
		{1BA960D7-D7C7-47DB-87D2-01E01C56DC60}.Release|Any CPU.ActiveCfg = Release|Any CPU
		{120B3AA5-97EE-40D4-9F1B-7F448D7D9CBE}.Debug|Any CPU.ActiveCfg = Debug|Any CPU
		{120B3AA5-97EE-40D4-9F1B-7F448D7D9CBE}.Release|Any CPU.ActiveCfg = Release|Any CPU
		{1C4BDBEB-C002-4536-9711-F4199AA675DA}.Debug|Any CPU.ActiveCfg = Debug|Any CPU
		{1C4BDBEB-C002-4536-9711-F4199AA675DA}.Release|Any CPU.ActiveCfg = Release|Any CPU
		{B3AFE8C8-8A71-4419-883A-1933B1587229}.Debug|Any CPU.ActiveCfg = Debug|Any CPU
		{B3AFE8C8-8A71-4419-883A-1933B1587229}.Release|Any CPU.ActiveCfg = Release|Any CPU
		{93F80C1B-105C-4931-B032-0247AE2B7A12}.Debug|Any CPU.ActiveCfg = Debug|Any CPU
		{93F80C1B-105C-4931-B032-0247AE2B7A12}.Release|Any CPU.ActiveCfg = Release|Any CPU
		{3D73A6A2-BF29-4CD3-8070-9F776084BBC1}.Debug|Any CPU.ActiveCfg = Debug|Any CPU
		{3D73A6A2-BF29-4CD3-8070-9F776084BBC1}.Release|Any CPU.ActiveCfg = Release|Any CPU
		{F74D82AF-1C27-4156-9195-67F4CF69E2DE}.Debug|Any CPU.ActiveCfg = Debug|Any CPU
		{F74D82AF-1C27-4156-9195-67F4CF69E2DE}.Release|Any CPU.ActiveCfg = Release|Any CPU
		{D2C5B07D-D6E8-4644-BB1F-436BD035230B}.Debug|Any CPU.ActiveCfg = Debug|Any CPU
		{D2C5B07D-D6E8-4644-BB1F-436BD035230B}.Release|Any CPU.ActiveCfg = Release|Any CPU
		{7122C640-35DD-4F2F-A8DA-6B8690AE4295}.Debug|Any CPU.ActiveCfg = Debug|Any CPU
		{7122C640-35DD-4F2F-A8DA-6B8690AE4295}.Release|Any CPU.ActiveCfg = Release|Any CPU
		{62E37D75-BDB7-4BD7-A469-20634F35DD7B}.Debug|Any CPU.ActiveCfg = Debug|Any CPU
		{62E37D75-BDB7-4BD7-A469-20634F35DD7B}.Release|Any CPU.ActiveCfg = Release|Any CPU
		{258E15F0-AC7E-4AA0-BD00-B1EB16CE70E4}.Debug|Any CPU.ActiveCfg = Debug|Any CPU
		{258E15F0-AC7E-4AA0-BD00-B1EB16CE70E4}.Release|Any CPU.ActiveCfg = Release|Any CPU
		{C1D70422-F7FC-425B-B6FC-36796F8308D0}.Debug|Any CPU.ActiveCfg = Debug|Any CPU
		{C1D70422-F7FC-425B-B6FC-36796F8308D0}.Release|Any CPU.ActiveCfg = Release|Any CPU
		{E1ECFFCC-9BCF-45AD-B7FD-0D800B6AF2DB}.Debug|Any CPU.ActiveCfg = Debug|Any CPU
		{E1ECFFCC-9BCF-45AD-B7FD-0D800B6AF2DB}.Release|Any CPU.ActiveCfg = Release|Any CPU
		{63518ED2-E071-4EE7-B4F2-2052F3403AA9}.Debug|Any CPU.ActiveCfg = Debug|Any CPU
		{63518ED2-E071-4EE7-B4F2-2052F3403AA9}.Release|Any CPU.ActiveCfg = Release|Any CPU
		{1A8C226B-9B28-46DB-8162-27A326735F3E}.Debug|Any CPU.ActiveCfg = Debug|Any CPU
		{1A8C226B-9B28-46DB-8162-27A326735F3E}.Release|Any CPU.ActiveCfg = Release|Any CPU
		{98D569C7-92BD-4F27-8436-6483599DCC01}.Debug|Any CPU.ActiveCfg = Debug|Any CPU
		{98D569C7-92BD-4F27-8436-6483599DCC01}.Release|Any CPU.ActiveCfg = Release|Any CPU
		{70039EA8-5E73-440F-8131-06EFFCF26B0D}.Debug|Any CPU.ActiveCfg = Debug|Any CPU
		{70039EA8-5E73-440F-8131-06EFFCF26B0D}.Release|Any CPU.ActiveCfg = Release|Any CPU
		{861F8D5C-752A-4086-8723-19E30B98B9E7}.Debug|Any CPU.ActiveCfg = Debug|Any CPU
		{861F8D5C-752A-4086-8723-19E30B98B9E7}.Release|Any CPU.ActiveCfg = Release|Any CPU
		{BE02DE15-4752-4DC0-B655-C0B70A58A96B}.Debug|Any CPU.ActiveCfg = Debug|Any CPU
		{BE02DE15-4752-4DC0-B655-C0B70A58A96B}.Release|Any CPU.ActiveCfg = Release|Any CPU
		{2EFE5E6A-83CC-46E5-B900-8BF320AD4C77}.Debug|Any CPU.ActiveCfg = Debug|Any CPU
		{2EFE5E6A-83CC-46E5-B900-8BF320AD4C77}.Release|Any CPU.ActiveCfg = Release|Any CPU
		{3BF67693-3B17-4370-B6E2-640A21DF8A36}.Debug|Any CPU.ActiveCfg = Debug|Any CPU
		{3BF67693-3B17-4370-B6E2-640A21DF8A36}.Release|Any CPU.ActiveCfg = Release|Any CPU
		{09B77683-F3EE-4A8C-BBE8-B12BF1193F94}.Debug|Any CPU.ActiveCfg = Debug|Any CPU
		{09B77683-F3EE-4A8C-BBE8-B12BF1193F94}.Release|Any CPU.ActiveCfg = Release|Any CPU
		{18EA7C64-C2C8-458F-AEE5-9CC7388C5661}.Debug|Any CPU.ActiveCfg = Debug|Any CPU
		{18EA7C64-C2C8-458F-AEE5-9CC7388C5661}.Release|Any CPU.ActiveCfg = Release|Any CPU
		{0F3AE832-7ABB-4721-B6CF-B1F9FC888F2C}.Debug|Any CPU.ActiveCfg = Debug|Any CPU
		{0F3AE832-7ABB-4721-B6CF-B1F9FC888F2C}.Release|Any CPU.ActiveCfg = Release|Any CPU
		{6C84C681-7BB6-4353-BCA5-310B813DD57A}.Debug|Any CPU.ActiveCfg = Debug|Any CPU
		{6C84C681-7BB6-4353-BCA5-310B813DD57A}.Release|Any CPU.ActiveCfg = Release|Any CPU
		{312EF1B5-BF05-4150-87FF-9C8C142049AC}.Debug|Any CPU.ActiveCfg = Debug|Any CPU
		{312EF1B5-BF05-4150-87FF-9C8C142049AC}.Release|Any CPU.ActiveCfg = Release|Any CPU
		{C29A7E56-906B-4ECB-9351-6AE9CA9872AC}.Debug|Any CPU.ActiveCfg = Debug|Any CPU
		{C29A7E56-906B-4ECB-9351-6AE9CA9872AC}.Release|Any CPU.ActiveCfg = Release|Any CPU
		{C5395BB6-B146-4CCA-9DFE-35FFEDE8E1E4}.Debug|Any CPU.ActiveCfg = Debug|Any CPU
		{C5395BB6-B146-4CCA-9DFE-35FFEDE8E1E4}.Release|Any CPU.ActiveCfg = Release|Any CPU
		{67014370-89A5-4A2F-A71A-2BEFF0FE9137}.Debug|Any CPU.ActiveCfg = Debug|Any CPU
		{67014370-89A5-4A2F-A71A-2BEFF0FE9137}.Release|Any CPU.ActiveCfg = Release|Any CPU
		{48887B1E-AC70-4EFE-9921-C000C9885C42}.Debug|Any CPU.ActiveCfg = Debug|Any CPU
		{48887B1E-AC70-4EFE-9921-C000C9885C42}.Release|Any CPU.ActiveCfg = Release|Any CPU
		{6782AD46-8EF1-4F78-B423-EACBB965B69A}.Debug|Any CPU.ActiveCfg = Debug|Any CPU
		{6782AD46-8EF1-4F78-B423-EACBB965B69A}.Release|Any CPU.ActiveCfg = Release|Any CPU
		{D0789329-F01B-4622-B2FA-8881D84546CF}.Debug|Any CPU.ActiveCfg = Debug|Any CPU
		{D0789329-F01B-4622-B2FA-8881D84546CF}.Release|Any CPU.ActiveCfg = Release|Any CPU
		{D97662EA-6F06-459C-AB72-E9BE54CEF03E}.Debug|Any CPU.ActiveCfg = Debug|Any CPU
		{D97662EA-6F06-459C-AB72-E9BE54CEF03E}.Release|Any CPU.ActiveCfg = Release|Any CPU
	EndGlobalSection
	GlobalSection(SolutionProperties) = preSolution
		HideSolutionNode = FALSE
	EndGlobalSection
	GlobalSection(ExtensibilityGlobals) = postSolution
		SolutionGuid = {A5B03180-4B83-41D2-A61C-EBFDFE0420D1}
	EndGlobalSection
EndGlobal
